// !$*UTF8*$!
{
	archiveVersion = 1;
	classes = {
	};
	objectVersion = 56;
	objects = {

/* Begin PBXBuildFile section */
		DF3AFF142C53B7C500677554 /* EnterButtonTextModifier.swift in Sources */ = {isa = PBXBuildFile; fileRef = DF3AFF132C53B7C500677554 /* EnterButtonTextModifier.swift */; };
		DF784A492C53F44D004EC293 /* RootCoordinator.swift in Sources */ = {isa = PBXBuildFile; fileRef = DF784A482C53F44D004EC293 /* RootCoordinator.swift */; };
		DF784A4D2C53FD1D004EC293 /* AuthFeature.swift in Sources */ = {isa = PBXBuildFile; fileRef = DF784A4C2C53FD1D004EC293 /* AuthFeature.swift */; };
		DF844F1D2C53880A000DACFD /* ColoredSubstringModifier.swift in Sources */ = {isa = PBXBuildFile; fileRef = DF844F1C2C538809000DACFD /* ColoredSubstringModifier.swift */; };
		DF844F202C538BFA000DACFD /* SignUpView.swift in Sources */ = {isa = PBXBuildFile; fileRef = DF844F1F2C538BFA000DACFD /* SignUpView.swift */; };
		DF844F222C5399B4000DACFD /* SignUpType.swift in Sources */ = {isa = PBXBuildFile; fileRef = DF844F212C5399B4000DACFD /* SignUpType.swift */; };
		DF8B09B12C4F8B7F000B768A /* PlaygroundSpaceApp.swift in Sources */ = {isa = PBXBuildFile; fileRef = DF8B09B02C4F8B7F000B768A /* PlaygroundSpaceApp.swift */; };
		DF8B09B52C4F8B82000B768A /* Assets.xcassets in Resources */ = {isa = PBXBuildFile; fileRef = DF8B09B42C4F8B82000B768A /* Assets.xcassets */; };
		DF8B09B82C4F8B82000B768A /* Preview Assets.xcassets in Resources */ = {isa = PBXBuildFile; fileRef = DF8B09B72C4F8B82000B768A /* Preview Assets.xcassets */; };
		DF8B09C22C4F8B82000B768A /* PlaygroundSpaceTests.swift in Sources */ = {isa = PBXBuildFile; fileRef = DF8B09C12C4F8B82000B768A /* PlaygroundSpaceTests.swift */; };
		DF8B09CC2C4F8B82000B768A /* PlaygroundSpaceUITests.swift in Sources */ = {isa = PBXBuildFile; fileRef = DF8B09CB2C4F8B82000B768A /* PlaygroundSpaceUITests.swift */; };
		DF8B09CE2C4F8B82000B768A /* PlaygroundSpaceUITestsLaunchTests.swift in Sources */ = {isa = PBXBuildFile; fileRef = DF8B09CD2C4F8B82000B768A /* PlaygroundSpaceUITestsLaunchTests.swift */; };
		DF94E7C22C50A73C005494B7 /* Coordinator.swift in Sources */ = {isa = PBXBuildFile; fileRef = DF94E7C12C50A73C005494B7 /* Coordinator.swift */; };
		DF94E7C42C50AD01005494B7 /* OnboardingFeature.swift in Sources */ = {isa = PBXBuildFile; fileRef = DF94E7C32C50AD01005494B7 /* OnboardingFeature.swift */; };
		DF9DF5BC2C4FBAF5007649DB /* .gitignore in Resources */ = {isa = PBXBuildFile; fileRef = DF9DF5BB2C4FBAF5007649DB /* .gitignore */; };
		DF9DF5BF2C4FBC6F007649DB /* ComposableArchitecture in Frameworks */ = {isa = PBXBuildFile; productRef = DF9DF5BE2C4FBC6F007649DB /* ComposableArchitecture */; };
		DF9DF5C52C4FE9AB007649DB /* Alamofire in Frameworks */ = {isa = PBXBuildFile; productRef = DF9DF5C42C4FE9AB007649DB /* Alamofire */; };
		DF9DF5CB2C4FED59007649DB /* SplashView.swift in Sources */ = {isa = PBXBuildFile; fileRef = DF9DF5CA2C4FED59007649DB /* SplashView.swift */; };
		DF9DF5CE2C4FEE4C007649DB /* TCACoordinators in Frameworks */ = {isa = PBXBuildFile; productRef = DF9DF5CD2C4FEE4C007649DB /* TCACoordinators */; };
		DF9DF5D12C4FF004007649DB /* PSTypography.swift in Sources */ = {isa = PBXBuildFile; fileRef = DF9DF5D02C4FF004007649DB /* PSTypography.swift */; };
		DF9DF5D42C4FF1A2007649DB /* DynamicTextModifier.swift in Sources */ = {isa = PBXBuildFile; fileRef = DF9DF5D32C4FF1A2007649DB /* DynamicTextModifier.swift */; };
		DF9DF5D62C5012A3007649DB /* InfoText.swift in Sources */ = {isa = PBXBuildFile; fileRef = DF9DF5D52C5012A3007649DB /* InfoText.swift */; };
		DF9DF5D82C501CFA007649DB /* ImageNames.swift in Sources */ = {isa = PBXBuildFile; fileRef = DF9DF5D72C501CFA007649DB /* ImageNames.swift */; };
		DF9DF5DD2C5023BA007649DB /* OnboardingView.swift in Sources */ = {isa = PBXBuildFile; fileRef = DF9DF5DC2C5023BA007649DB /* OnboardingView.swift */; };
		DFD83DD32C52A53E009F8A5E /* AuthView.swift in Sources */ = {isa = PBXBuildFile; fileRef = DFD83DD22C52A53E009F8A5E /* AuthView.swift */; };
		DFD83DD72C52ACD2009F8A5E /* KakaoSDKAuth in Frameworks */ = {isa = PBXBuildFile; productRef = DFD83DD62C52ACD2009F8A5E /* KakaoSDKAuth */; };
		DFD83DD92C52ACD2009F8A5E /* KakaoSDKCommon in Frameworks */ = {isa = PBXBuildFile; productRef = DFD83DD82C52ACD2009F8A5E /* KakaoSDKCommon */; };
		DFD83DDB2C52ACD2009F8A5E /* KakaoSDKUser in Frameworks */ = {isa = PBXBuildFile; productRef = DFD83DDA2C52ACD2009F8A5E /* KakaoSDKUser */; };
		DFD83DDF2C52ADAC009F8A5E /* APIKey.swift in Sources */ = {isa = PBXBuildFile; fileRef = DFD83DDE2C52ADAC009F8A5E /* APIKey.swift */; };
/* End PBXBuildFile section */

/* Begin PBXContainerItemProxy section */
		DF8B09BE2C4F8B82000B768A /* PBXContainerItemProxy */ = {
			isa = PBXContainerItemProxy;
			containerPortal = DF8B09A52C4F8B7F000B768A /* Project object */;
			proxyType = 1;
			remoteGlobalIDString = DF8B09AC2C4F8B7F000B768A;
			remoteInfo = PlaygroundSpace;
		};
		DF8B09C82C4F8B82000B768A /* PBXContainerItemProxy */ = {
			isa = PBXContainerItemProxy;
			containerPortal = DF8B09A52C4F8B7F000B768A /* Project object */;
			proxyType = 1;
			remoteGlobalIDString = DF8B09AC2C4F8B7F000B768A;
			remoteInfo = PlaygroundSpace;
		};
/* End PBXContainerItemProxy section */

/* Begin PBXFileReference section */
		DF3AFF132C53B7C500677554 /* EnterButtonTextModifier.swift */ = {isa = PBXFileReference; lastKnownFileType = sourcecode.swift; path = EnterButtonTextModifier.swift; sourceTree = "<group>"; };
		DF58C2442C53CEAD00CC1D38 /* PlaygroundSpace.entitlements */ = {isa = PBXFileReference; lastKnownFileType = text.plist.entitlements; path = PlaygroundSpace.entitlements; sourceTree = "<group>"; };
		DF784A482C53F44D004EC293 /* RootCoordinator.swift */ = {isa = PBXFileReference; lastKnownFileType = sourcecode.swift; path = RootCoordinator.swift; sourceTree = "<group>"; };
		DF784A4C2C53FD1D004EC293 /* AuthFeature.swift */ = {isa = PBXFileReference; lastKnownFileType = sourcecode.swift; path = AuthFeature.swift; sourceTree = "<group>"; };
		DF844F1C2C538809000DACFD /* ColoredSubstringModifier.swift */ = {isa = PBXFileReference; lastKnownFileType = sourcecode.swift; path = ColoredSubstringModifier.swift; sourceTree = "<group>"; };
		DF844F1F2C538BFA000DACFD /* SignUpView.swift */ = {isa = PBXFileReference; lastKnownFileType = sourcecode.swift; path = SignUpView.swift; sourceTree = "<group>"; };
		DF844F212C5399B4000DACFD /* SignUpType.swift */ = {isa = PBXFileReference; lastKnownFileType = sourcecode.swift; path = SignUpType.swift; sourceTree = "<group>"; };
		DF8B09AD2C4F8B7F000B768A /* PlaygroundSpace.app */ = {isa = PBXFileReference; explicitFileType = wrapper.application; includeInIndex = 0; path = PlaygroundSpace.app; sourceTree = BUILT_PRODUCTS_DIR; };
		DF8B09B02C4F8B7F000B768A /* PlaygroundSpaceApp.swift */ = {isa = PBXFileReference; lastKnownFileType = sourcecode.swift; path = PlaygroundSpaceApp.swift; sourceTree = "<group>"; };
		DF8B09B42C4F8B82000B768A /* Assets.xcassets */ = {isa = PBXFileReference; lastKnownFileType = folder.assetcatalog; path = Assets.xcassets; sourceTree = "<group>"; };
		DF8B09B72C4F8B82000B768A /* Preview Assets.xcassets */ = {isa = PBXFileReference; lastKnownFileType = folder.assetcatalog; path = "Preview Assets.xcassets"; sourceTree = "<group>"; };
		DF8B09BD2C4F8B82000B768A /* PlaygroundSpaceTests.xctest */ = {isa = PBXFileReference; explicitFileType = wrapper.cfbundle; includeInIndex = 0; path = PlaygroundSpaceTests.xctest; sourceTree = BUILT_PRODUCTS_DIR; };
		DF8B09C12C4F8B82000B768A /* PlaygroundSpaceTests.swift */ = {isa = PBXFileReference; lastKnownFileType = sourcecode.swift; path = PlaygroundSpaceTests.swift; sourceTree = "<group>"; };
		DF8B09C72C4F8B82000B768A /* PlaygroundSpaceUITests.xctest */ = {isa = PBXFileReference; explicitFileType = wrapper.cfbundle; includeInIndex = 0; path = PlaygroundSpaceUITests.xctest; sourceTree = BUILT_PRODUCTS_DIR; };
		DF8B09CB2C4F8B82000B768A /* PlaygroundSpaceUITests.swift */ = {isa = PBXFileReference; lastKnownFileType = sourcecode.swift; path = PlaygroundSpaceUITests.swift; sourceTree = "<group>"; };
		DF8B09CD2C4F8B82000B768A /* PlaygroundSpaceUITestsLaunchTests.swift */ = {isa = PBXFileReference; lastKnownFileType = sourcecode.swift; path = PlaygroundSpaceUITestsLaunchTests.swift; sourceTree = "<group>"; };
		DF94E7C12C50A73C005494B7 /* Coordinator.swift */ = {isa = PBXFileReference; lastKnownFileType = sourcecode.swift; path = Coordinator.swift; sourceTree = "<group>"; };
		DF94E7C32C50AD01005494B7 /* OnboardingFeature.swift */ = {isa = PBXFileReference; lastKnownFileType = sourcecode.swift; path = OnboardingFeature.swift; sourceTree = "<group>"; };
		DF9DF5BB2C4FBAF5007649DB /* .gitignore */ = {isa = PBXFileReference; lastKnownFileType = text; path = .gitignore; sourceTree = "<group>"; };
		DF9DF5CA2C4FED59007649DB /* SplashView.swift */ = {isa = PBXFileReference; lastKnownFileType = sourcecode.swift; path = SplashView.swift; sourceTree = "<group>"; };
		DF9DF5D02C4FF004007649DB /* PSTypography.swift */ = {isa = PBXFileReference; lastKnownFileType = sourcecode.swift; path = PSTypography.swift; sourceTree = "<group>"; };
		DF9DF5D32C4FF1A2007649DB /* DynamicTextModifier.swift */ = {isa = PBXFileReference; lastKnownFileType = sourcecode.swift; path = DynamicTextModifier.swift; sourceTree = "<group>"; };
		DF9DF5D52C5012A3007649DB /* InfoText.swift */ = {isa = PBXFileReference; lastKnownFileType = sourcecode.swift; path = InfoText.swift; sourceTree = "<group>"; };
		DF9DF5D72C501CFA007649DB /* ImageNames.swift */ = {isa = PBXFileReference; lastKnownFileType = sourcecode.swift; path = ImageNames.swift; sourceTree = "<group>"; };
		DF9DF5DC2C5023BA007649DB /* OnboardingView.swift */ = {isa = PBXFileReference; lastKnownFileType = sourcecode.swift; path = OnboardingView.swift; sourceTree = "<group>"; };
		DFD83DD22C52A53E009F8A5E /* AuthView.swift */ = {isa = PBXFileReference; lastKnownFileType = sourcecode.swift; path = AuthView.swift; sourceTree = "<group>"; };
		DFD83DDC2C52AD0E009F8A5E /* Info.plist */ = {isa = PBXFileReference; lastKnownFileType = text.plist; path = Info.plist; sourceTree = "<group>"; };
		DFD83DDE2C52ADAC009F8A5E /* APIKey.swift */ = {isa = PBXFileReference; lastKnownFileType = sourcecode.swift; path = APIKey.swift; sourceTree = "<group>"; };
/* End PBXFileReference section */

/* Begin PBXFrameworksBuildPhase section */
		DF8B09AA2C4F8B7F000B768A /* Frameworks */ = {
			isa = PBXFrameworksBuildPhase;
			buildActionMask = 2147483647;
			files = (
				DF9DF5C52C4FE9AB007649DB /* Alamofire in Frameworks */,
				DF9DF5CE2C4FEE4C007649DB /* TCACoordinators in Frameworks */,
				DFD83DDB2C52ACD2009F8A5E /* KakaoSDKUser in Frameworks */,
				DF9DF5BF2C4FBC6F007649DB /* ComposableArchitecture in Frameworks */,
				DFD83DD92C52ACD2009F8A5E /* KakaoSDKCommon in Frameworks */,
				DFD83DD72C52ACD2009F8A5E /* KakaoSDKAuth in Frameworks */,
			);
			runOnlyForDeploymentPostprocessing = 0;
		};
		DF8B09BA2C4F8B82000B768A /* Frameworks */ = {
			isa = PBXFrameworksBuildPhase;
			buildActionMask = 2147483647;
			files = (
			);
			runOnlyForDeploymentPostprocessing = 0;
		};
		DF8B09C42C4F8B82000B768A /* Frameworks */ = {
			isa = PBXFrameworksBuildPhase;
			buildActionMask = 2147483647;
			files = (
			);
			runOnlyForDeploymentPostprocessing = 0;
		};
/* End PBXFrameworksBuildPhase section */

/* Begin PBXGroup section */
		DF784A4A2C53F451004EC293 /* Coordinator */ = {
			isa = PBXGroup;
			children = (
				DF94E7C12C50A73C005494B7 /* Coordinator.swift */,
				DF784A482C53F44D004EC293 /* RootCoordinator.swift */,
			);
			path = Coordinator;
			sourceTree = "<group>";
		};
		DF784A4B2C53F91C004EC293 /* Feature */ = {
			isa = PBXGroup;
			children = (
				DF784A4C2C53FD1D004EC293 /* AuthFeature.swift */,
			);
			path = Feature;
			sourceTree = "<group>";
		};
		DF844F1E2C538BEB000DACFD /* SignUp */ = {
			isa = PBXGroup;
			children = (
				DF844F1F2C538BFA000DACFD /* SignUpView.swift */,
			);
			path = SignUp;
			sourceTree = "<group>";
		};
		DF8B09A42C4F8B7F000B768A = {
			isa = PBXGroup;
			children = (
				DF9DF5BB2C4FBAF5007649DB /* .gitignore */,
				DF8B09AF2C4F8B7F000B768A /* PlaygroundSpace */,
				DF8B09C02C4F8B82000B768A /* PlaygroundSpaceTests */,
				DF8B09CA2C4F8B82000B768A /* PlaygroundSpaceUITests */,
				DF8B09AE2C4F8B7F000B768A /* Products */,
			);
			sourceTree = "<group>";
		};
		DF8B09AE2C4F8B7F000B768A /* Products */ = {
			isa = PBXGroup;
			children = (
				DF8B09AD2C4F8B7F000B768A /* PlaygroundSpace.app */,
				DF8B09BD2C4F8B82000B768A /* PlaygroundSpaceTests.xctest */,
				DF8B09C72C4F8B82000B768A /* PlaygroundSpaceUITests.xctest */,
			);
			name = Products;
			sourceTree = "<group>";
		};
		DF8B09AF2C4F8B7F000B768A /* PlaygroundSpace */ = {
			isa = PBXGroup;
			children = (
				DF58C2442C53CEAD00CC1D38 /* PlaygroundSpace.entitlements */,
				DFD83DDD2C52AD94009F8A5E /* Keys */,
				DFD83DDC2C52AD0E009F8A5E /* Info.plist */,
				DF9DF5D22C4FF181007649DB /* Modifier */,
				DF9DF5CF2C4FEFD4007649DB /* Enum */,
				DF9DF5C62C4FED32007649DB /* Scene */,
				DF8B09B02C4F8B7F000B768A /* PlaygroundSpaceApp.swift */,
				DF8B09B42C4F8B82000B768A /* Assets.xcassets */,
				DF8B09B62C4F8B82000B768A /* Preview Content */,
			);
			path = PlaygroundSpace;
			sourceTree = "<group>";
		};
		DF8B09B62C4F8B82000B768A /* Preview Content */ = {
			isa = PBXGroup;
			children = (
				DF8B09B72C4F8B82000B768A /* Preview Assets.xcassets */,
			);
			path = "Preview Content";
			sourceTree = "<group>";
		};
		DF8B09C02C4F8B82000B768A /* PlaygroundSpaceTests */ = {
			isa = PBXGroup;
			children = (
				DF8B09C12C4F8B82000B768A /* PlaygroundSpaceTests.swift */,
			);
			path = PlaygroundSpaceTests;
			sourceTree = "<group>";
		};
		DF8B09CA2C4F8B82000B768A /* PlaygroundSpaceUITests */ = {
			isa = PBXGroup;
			children = (
				DF8B09CB2C4F8B82000B768A /* PlaygroundSpaceUITests.swift */,
				DF8B09CD2C4F8B82000B768A /* PlaygroundSpaceUITestsLaunchTests.swift */,
			);
			path = PlaygroundSpaceUITests;
			sourceTree = "<group>";
		};
		DF9DF5C62C4FED32007649DB /* Scene */ = {
			isa = PBXGroup;
			children = (
				DF784A4A2C53F451004EC293 /* Coordinator */,
				DF844F1E2C538BEB000DACFD /* SignUp */,
				DFD83DD02C52A4EE009F8A5E /* Auth */,
				DF9DF5D92C502393007649DB /* Onboarding */,
				DF9DF5C72C4FED37007649DB /* Splash */,
			);
			path = Scene;
			sourceTree = "<group>";
		};
		DF9DF5C72C4FED37007649DB /* Splash */ = {
			isa = PBXGroup;
			children = (
				DF9DF5C82C4FED43007649DB /* View */,
			);
			path = Splash;
			sourceTree = "<group>";
		};
		DF9DF5C82C4FED43007649DB /* View */ = {
			isa = PBXGroup;
			children = (
				DF9DF5CA2C4FED59007649DB /* SplashView.swift */,
			);
			path = View;
			sourceTree = "<group>";
		};
		DF9DF5C92C4FED49007649DB /* Feature */ = {
			isa = PBXGroup;
			children = (
				DF94E7C32C50AD01005494B7 /* OnboardingFeature.swift */,
			);
			path = Feature;
			sourceTree = "<group>";
		};
		DF9DF5CF2C4FEFD4007649DB /* Enum */ = {
			isa = PBXGroup;
			children = (
				DF9DF5D02C4FF004007649DB /* PSTypography.swift */,
				DF9DF5D52C5012A3007649DB /* InfoText.swift */,
				DF9DF5D72C501CFA007649DB /* ImageNames.swift */,
				DF844F212C5399B4000DACFD /* SignUpType.swift */,
			);
			path = Enum;
			sourceTree = "<group>";
		};
		DF9DF5D22C4FF181007649DB /* Modifier */ = {
			isa = PBXGroup;
			children = (
				DF9DF5D32C4FF1A2007649DB /* DynamicTextModifier.swift */,
				DF844F1C2C538809000DACFD /* ColoredSubstringModifier.swift */,
				DF3AFF132C53B7C500677554 /* EnterButtonTextModifier.swift */,
			);
			path = Modifier;
			sourceTree = "<group>";
		};
		DF9DF5D92C502393007649DB /* Onboarding */ = {
			isa = PBXGroup;
			children = (
				DF9DF5C92C4FED49007649DB /* Feature */,
				DF9DF5DE2C5023C0007649DB /* View */,
			);
			path = Onboarding;
			sourceTree = "<group>";
		};
		DF9DF5DE2C5023C0007649DB /* View */ = {
			isa = PBXGroup;
			children = (
				DF9DF5DC2C5023BA007649DB /* OnboardingView.swift */,
			);
			path = View;
			sourceTree = "<group>";
		};
		DFD83DD02C52A4EE009F8A5E /* Auth */ = {
			isa = PBXGroup;
			children = (
				DF784A4B2C53F91C004EC293 /* Feature */,
				DFD83DD12C52A52C009F8A5E /* View */,
			);
			path = Auth;
			sourceTree = "<group>";
		};
		DFD83DD12C52A52C009F8A5E /* View */ = {
			isa = PBXGroup;
			children = (
				DFD83DD22C52A53E009F8A5E /* AuthView.swift */,
			);
			path = View;
			sourceTree = "<group>";
		};
		DFD83DDD2C52AD94009F8A5E /* Keys */ = {
			isa = PBXGroup;
			children = (
				DFD83DDE2C52ADAC009F8A5E /* APIKey.swift */,
			);
			path = Keys;
			sourceTree = "<group>";
		};
/* End PBXGroup section */

/* Begin PBXNativeTarget section */
		DF8B09AC2C4F8B7F000B768A /* PlaygroundSpace */ = {
			isa = PBXNativeTarget;
			buildConfigurationList = DF8B09D12C4F8B82000B768A /* Build configuration list for PBXNativeTarget "PlaygroundSpace" */;
			buildPhases = (
				DF8B09A92C4F8B7F000B768A /* Sources */,
				DF8B09AA2C4F8B7F000B768A /* Frameworks */,
				DF8B09AB2C4F8B7F000B768A /* Resources */,
			);
			buildRules = (
			);
			dependencies = (
			);
			name = PlaygroundSpace;
			packageProductDependencies = (
				DF9DF5BE2C4FBC6F007649DB /* ComposableArchitecture */,
				DF9DF5C42C4FE9AB007649DB /* Alamofire */,
				DF9DF5CD2C4FEE4C007649DB /* TCACoordinators */,
				DFD83DD62C52ACD2009F8A5E /* KakaoSDKAuth */,
				DFD83DD82C52ACD2009F8A5E /* KakaoSDKCommon */,
				DFD83DDA2C52ACD2009F8A5E /* KakaoSDKUser */,
			);
			productName = PlaygroundSpace;
			productReference = DF8B09AD2C4F8B7F000B768A /* PlaygroundSpace.app */;
			productType = "com.apple.product-type.application";
		};
		DF8B09BC2C4F8B82000B768A /* PlaygroundSpaceTests */ = {
			isa = PBXNativeTarget;
			buildConfigurationList = DF8B09D42C4F8B82000B768A /* Build configuration list for PBXNativeTarget "PlaygroundSpaceTests" */;
			buildPhases = (
				DF8B09B92C4F8B82000B768A /* Sources */,
				DF8B09BA2C4F8B82000B768A /* Frameworks */,
				DF8B09BB2C4F8B82000B768A /* Resources */,
			);
			buildRules = (
			);
			dependencies = (
				DF8B09BF2C4F8B82000B768A /* PBXTargetDependency */,
			);
			name = PlaygroundSpaceTests;
			productName = PlaygroundSpaceTests;
			productReference = DF8B09BD2C4F8B82000B768A /* PlaygroundSpaceTests.xctest */;
			productType = "com.apple.product-type.bundle.unit-test";
		};
		DF8B09C62C4F8B82000B768A /* PlaygroundSpaceUITests */ = {
			isa = PBXNativeTarget;
			buildConfigurationList = DF8B09D72C4F8B82000B768A /* Build configuration list for PBXNativeTarget "PlaygroundSpaceUITests" */;
			buildPhases = (
				DF8B09C32C4F8B82000B768A /* Sources */,
				DF8B09C42C4F8B82000B768A /* Frameworks */,
				DF8B09C52C4F8B82000B768A /* Resources */,
			);
			buildRules = (
			);
			dependencies = (
				DF8B09C92C4F8B82000B768A /* PBXTargetDependency */,
			);
			name = PlaygroundSpaceUITests;
			productName = PlaygroundSpaceUITests;
			productReference = DF8B09C72C4F8B82000B768A /* PlaygroundSpaceUITests.xctest */;
			productType = "com.apple.product-type.bundle.ui-testing";
		};
/* End PBXNativeTarget section */

/* Begin PBXProject section */
		DF8B09A52C4F8B7F000B768A /* Project object */ = {
			isa = PBXProject;
			attributes = {
				BuildIndependentTargetsInParallel = 1;
				LastSwiftUpdateCheck = 1530;
				LastUpgradeCheck = 1530;
				TargetAttributes = {
					DF8B09AC2C4F8B7F000B768A = {
						CreatedOnToolsVersion = 15.3;
					};
					DF8B09BC2C4F8B82000B768A = {
						CreatedOnToolsVersion = 15.3;
						TestTargetID = DF8B09AC2C4F8B7F000B768A;
					};
					DF8B09C62C4F8B82000B768A = {
						CreatedOnToolsVersion = 15.3;
						TestTargetID = DF8B09AC2C4F8B7F000B768A;
					};
				};
			};
			buildConfigurationList = DF8B09A82C4F8B7F000B768A /* Build configuration list for PBXProject "PlaygroundSpace" */;
			compatibilityVersion = "Xcode 14.0";
			developmentRegion = en;
			hasScannedForEncodings = 0;
			knownRegions = (
				en,
				Base,
			);
			mainGroup = DF8B09A42C4F8B7F000B768A;
			packageReferences = (
				DF9DF5BD2C4FBC6F007649DB /* XCRemoteSwiftPackageReference "swift-composable-architecture" */,
				DF9DF5C32C4FE9AB007649DB /* XCRemoteSwiftPackageReference "Alamofire" */,
				DF9DF5CC2C4FEE4C007649DB /* XCRemoteSwiftPackageReference "TCACoordinators" */,
				DFD83DD52C52ACD2009F8A5E /* XCRemoteSwiftPackageReference "kakao-ios-sdk" */,
			);
			productRefGroup = DF8B09AE2C4F8B7F000B768A /* Products */;
			projectDirPath = "";
			projectRoot = "";
			targets = (
				DF8B09AC2C4F8B7F000B768A /* PlaygroundSpace */,
				DF8B09BC2C4F8B82000B768A /* PlaygroundSpaceTests */,
				DF8B09C62C4F8B82000B768A /* PlaygroundSpaceUITests */,
			);
		};
/* End PBXProject section */

/* Begin PBXResourcesBuildPhase section */
		DF8B09AB2C4F8B7F000B768A /* Resources */ = {
			isa = PBXResourcesBuildPhase;
			buildActionMask = 2147483647;
			files = (
				DF8B09B82C4F8B82000B768A /* Preview Assets.xcassets in Resources */,
				DF9DF5BC2C4FBAF5007649DB /* .gitignore in Resources */,
				DF8B09B52C4F8B82000B768A /* Assets.xcassets in Resources */,
			);
			runOnlyForDeploymentPostprocessing = 0;
		};
		DF8B09BB2C4F8B82000B768A /* Resources */ = {
			isa = PBXResourcesBuildPhase;
			buildActionMask = 2147483647;
			files = (
			);
			runOnlyForDeploymentPostprocessing = 0;
		};
		DF8B09C52C4F8B82000B768A /* Resources */ = {
			isa = PBXResourcesBuildPhase;
			buildActionMask = 2147483647;
			files = (
			);
			runOnlyForDeploymentPostprocessing = 0;
		};
/* End PBXResourcesBuildPhase section */

/* Begin PBXSourcesBuildPhase section */
		DF8B09A92C4F8B7F000B768A /* Sources */ = {
			isa = PBXSourcesBuildPhase;
			buildActionMask = 2147483647;
			files = (
				DF3AFF142C53B7C500677554 /* EnterButtonTextModifier.swift in Sources */,
				DF9DF5D62C5012A3007649DB /* InfoText.swift in Sources */,
				DF8B09B12C4F8B7F000B768A /* PlaygroundSpaceApp.swift in Sources */,
				DF9DF5D82C501CFA007649DB /* ImageNames.swift in Sources */,
				DF9DF5D42C4FF1A2007649DB /* DynamicTextModifier.swift in Sources */,
				DF94E7C42C50AD01005494B7 /* OnboardingFeature.swift in Sources */,
				DF844F222C5399B4000DACFD /* SignUpType.swift in Sources */,
				DF9DF5D12C4FF004007649DB /* PSTypography.swift in Sources */,
				DF784A492C53F44D004EC293 /* RootCoordinator.swift in Sources */,
				DF9DF5CB2C4FED59007649DB /* SplashView.swift in Sources */,
				DF784A4D2C53FD1D004EC293 /* AuthFeature.swift in Sources */,
				DF9DF5DD2C5023BA007649DB /* OnboardingView.swift in Sources */,
				DF844F202C538BFA000DACFD /* SignUpView.swift in Sources */,
				DFD83DD32C52A53E009F8A5E /* AuthView.swift in Sources */,
				DFD83DDF2C52ADAC009F8A5E /* APIKey.swift in Sources */,
				DF94E7C22C50A73C005494B7 /* Coordinator.swift in Sources */,
				DF844F1D2C53880A000DACFD /* ColoredSubstringModifier.swift in Sources */,
			);
			runOnlyForDeploymentPostprocessing = 0;
		};
		DF8B09B92C4F8B82000B768A /* Sources */ = {
			isa = PBXSourcesBuildPhase;
			buildActionMask = 2147483647;
			files = (
				DF8B09C22C4F8B82000B768A /* PlaygroundSpaceTests.swift in Sources */,
			);
			runOnlyForDeploymentPostprocessing = 0;
		};
		DF8B09C32C4F8B82000B768A /* Sources */ = {
			isa = PBXSourcesBuildPhase;
			buildActionMask = 2147483647;
			files = (
				DF8B09CE2C4F8B82000B768A /* PlaygroundSpaceUITestsLaunchTests.swift in Sources */,
				DF8B09CC2C4F8B82000B768A /* PlaygroundSpaceUITests.swift in Sources */,
			);
			runOnlyForDeploymentPostprocessing = 0;
		};
/* End PBXSourcesBuildPhase section */

/* Begin PBXTargetDependency section */
		DF8B09BF2C4F8B82000B768A /* PBXTargetDependency */ = {
			isa = PBXTargetDependency;
			target = DF8B09AC2C4F8B7F000B768A /* PlaygroundSpace */;
			targetProxy = DF8B09BE2C4F8B82000B768A /* PBXContainerItemProxy */;
		};
		DF8B09C92C4F8B82000B768A /* PBXTargetDependency */ = {
			isa = PBXTargetDependency;
			target = DF8B09AC2C4F8B7F000B768A /* PlaygroundSpace */;
			targetProxy = DF8B09C82C4F8B82000B768A /* PBXContainerItemProxy */;
		};
/* End PBXTargetDependency section */

/* Begin XCBuildConfiguration section */
		DF8B09CF2C4F8B82000B768A /* Debug */ = {
			isa = XCBuildConfiguration;
			buildSettings = {
				ALWAYS_SEARCH_USER_PATHS = NO;
				ASSETCATALOG_COMPILER_GENERATE_SWIFT_ASSET_SYMBOL_EXTENSIONS = YES;
				CLANG_ANALYZER_NONNULL = YES;
				CLANG_ANALYZER_NUMBER_OBJECT_CONVERSION = YES_AGGRESSIVE;
				CLANG_CXX_LANGUAGE_STANDARD = "gnu++20";
				CLANG_ENABLE_MODULES = YES;
				CLANG_ENABLE_OBJC_ARC = YES;
				CLANG_ENABLE_OBJC_WEAK = YES;
				CLANG_WARN_BLOCK_CAPTURE_AUTORELEASING = YES;
				CLANG_WARN_BOOL_CONVERSION = YES;
				CLANG_WARN_COMMA = YES;
				CLANG_WARN_CONSTANT_CONVERSION = YES;
				CLANG_WARN_DEPRECATED_OBJC_IMPLEMENTATIONS = YES;
				CLANG_WARN_DIRECT_OBJC_ISA_USAGE = YES_ERROR;
				CLANG_WARN_DOCUMENTATION_COMMENTS = YES;
				CLANG_WARN_EMPTY_BODY = YES;
				CLANG_WARN_ENUM_CONVERSION = YES;
				CLANG_WARN_INFINITE_RECURSION = YES;
				CLANG_WARN_INT_CONVERSION = YES;
				CLANG_WARN_NON_LITERAL_NULL_CONVERSION = YES;
				CLANG_WARN_OBJC_IMPLICIT_RETAIN_SELF = YES;
				CLANG_WARN_OBJC_LITERAL_CONVERSION = YES;
				CLANG_WARN_OBJC_ROOT_CLASS = YES_ERROR;
				CLANG_WARN_QUOTED_INCLUDE_IN_FRAMEWORK_HEADER = YES;
				CLANG_WARN_RANGE_LOOP_ANALYSIS = YES;
				CLANG_WARN_STRICT_PROTOTYPES = YES;
				CLANG_WARN_SUSPICIOUS_MOVE = YES;
				CLANG_WARN_UNGUARDED_AVAILABILITY = YES_AGGRESSIVE;
				CLANG_WARN_UNREACHABLE_CODE = YES;
				CLANG_WARN__DUPLICATE_METHOD_MATCH = YES;
				COPY_PHASE_STRIP = NO;
				DEBUG_INFORMATION_FORMAT = dwarf;
				ENABLE_STRICT_OBJC_MSGSEND = YES;
				ENABLE_TESTABILITY = YES;
				ENABLE_USER_SCRIPT_SANDBOXING = YES;
				GCC_C_LANGUAGE_STANDARD = gnu17;
				GCC_DYNAMIC_NO_PIC = NO;
				GCC_NO_COMMON_BLOCKS = YES;
				GCC_OPTIMIZATION_LEVEL = 0;
				GCC_PREPROCESSOR_DEFINITIONS = (
					"DEBUG=1",
					"$(inherited)",
				);
				GCC_WARN_64_TO_32_BIT_CONVERSION = YES;
				GCC_WARN_ABOUT_RETURN_TYPE = YES_ERROR;
				GCC_WARN_UNDECLARED_SELECTOR = YES;
				GCC_WARN_UNINITIALIZED_AUTOS = YES_AGGRESSIVE;
				GCC_WARN_UNUSED_FUNCTION = YES;
				GCC_WARN_UNUSED_VARIABLE = YES;
				IPHONEOS_DEPLOYMENT_TARGET = 16.0;
				LOCALIZATION_PREFERS_STRING_CATALOGS = YES;
				MTL_ENABLE_DEBUG_INFO = INCLUDE_SOURCE;
				MTL_FAST_MATH = YES;
				ONLY_ACTIVE_ARCH = YES;
				SDKROOT = iphoneos;
				SWIFT_ACTIVE_COMPILATION_CONDITIONS = "DEBUG $(inherited)";
				SWIFT_OPTIMIZATION_LEVEL = "-Onone";
			};
			name = Debug;
		};
		DF8B09D02C4F8B82000B768A /* Release */ = {
			isa = XCBuildConfiguration;
			buildSettings = {
				ALWAYS_SEARCH_USER_PATHS = NO;
				ASSETCATALOG_COMPILER_GENERATE_SWIFT_ASSET_SYMBOL_EXTENSIONS = YES;
				CLANG_ANALYZER_NONNULL = YES;
				CLANG_ANALYZER_NUMBER_OBJECT_CONVERSION = YES_AGGRESSIVE;
				CLANG_CXX_LANGUAGE_STANDARD = "gnu++20";
				CLANG_ENABLE_MODULES = YES;
				CLANG_ENABLE_OBJC_ARC = YES;
				CLANG_ENABLE_OBJC_WEAK = YES;
				CLANG_WARN_BLOCK_CAPTURE_AUTORELEASING = YES;
				CLANG_WARN_BOOL_CONVERSION = YES;
				CLANG_WARN_COMMA = YES;
				CLANG_WARN_CONSTANT_CONVERSION = YES;
				CLANG_WARN_DEPRECATED_OBJC_IMPLEMENTATIONS = YES;
				CLANG_WARN_DIRECT_OBJC_ISA_USAGE = YES_ERROR;
				CLANG_WARN_DOCUMENTATION_COMMENTS = YES;
				CLANG_WARN_EMPTY_BODY = YES;
				CLANG_WARN_ENUM_CONVERSION = YES;
				CLANG_WARN_INFINITE_RECURSION = YES;
				CLANG_WARN_INT_CONVERSION = YES;
				CLANG_WARN_NON_LITERAL_NULL_CONVERSION = YES;
				CLANG_WARN_OBJC_IMPLICIT_RETAIN_SELF = YES;
				CLANG_WARN_OBJC_LITERAL_CONVERSION = YES;
				CLANG_WARN_OBJC_ROOT_CLASS = YES_ERROR;
				CLANG_WARN_QUOTED_INCLUDE_IN_FRAMEWORK_HEADER = YES;
				CLANG_WARN_RANGE_LOOP_ANALYSIS = YES;
				CLANG_WARN_STRICT_PROTOTYPES = YES;
				CLANG_WARN_SUSPICIOUS_MOVE = YES;
				CLANG_WARN_UNGUARDED_AVAILABILITY = YES_AGGRESSIVE;
				CLANG_WARN_UNREACHABLE_CODE = YES;
				CLANG_WARN__DUPLICATE_METHOD_MATCH = YES;
				COPY_PHASE_STRIP = NO;
				DEBUG_INFORMATION_FORMAT = "dwarf-with-dsym";
				ENABLE_NS_ASSERTIONS = NO;
				ENABLE_STRICT_OBJC_MSGSEND = YES;
				ENABLE_USER_SCRIPT_SANDBOXING = YES;
				GCC_C_LANGUAGE_STANDARD = gnu17;
				GCC_NO_COMMON_BLOCKS = YES;
				GCC_WARN_64_TO_32_BIT_CONVERSION = YES;
				GCC_WARN_ABOUT_RETURN_TYPE = YES_ERROR;
				GCC_WARN_UNDECLARED_SELECTOR = YES;
				GCC_WARN_UNINITIALIZED_AUTOS = YES_AGGRESSIVE;
				GCC_WARN_UNUSED_FUNCTION = YES;
				GCC_WARN_UNUSED_VARIABLE = YES;
				IPHONEOS_DEPLOYMENT_TARGET = 16.0;
				LOCALIZATION_PREFERS_STRING_CATALOGS = YES;
				MTL_ENABLE_DEBUG_INFO = NO;
				MTL_FAST_MATH = YES;
				SDKROOT = iphoneos;
				SWIFT_COMPILATION_MODE = wholemodule;
				VALIDATE_PRODUCT = YES;
			};
			name = Release;
		};
		DF8B09D22C4F8B82000B768A /* Debug */ = {
			isa = XCBuildConfiguration;
			buildSettings = {
				ASSETCATALOG_COMPILER_APPICON_NAME = AppIcon;
				ASSETCATALOG_COMPILER_GLOBAL_ACCENT_COLOR_NAME = AccentColor;
				CODE_SIGN_ENTITLEMENTS = PlaygroundSpace/PlaygroundSpace.entitlements;
				CODE_SIGN_STYLE = Automatic;
				CURRENT_PROJECT_VERSION = 1;
				DEVELOPMENT_ASSET_PATHS = "\"PlaygroundSpace/Preview Content\"";
				DEVELOPMENT_TEAM = QQ67S8HZ4F;
				ENABLE_PREVIEWS = YES;
				GENERATE_INFOPLIST_FILE = YES;
				INFOPLIST_FILE = PlaygroundSpace/Info.plist;
				INFOPLIST_KEY_UIApplicationSceneManifest_Generation = YES;
				INFOPLIST_KEY_UIApplicationSupportsIndirectInputEvents = YES;
				INFOPLIST_KEY_UILaunchScreen_Generation = YES;
				INFOPLIST_KEY_UISupportedInterfaceOrientations_iPad = "UIInterfaceOrientationPortrait UIInterfaceOrientationPortraitUpsideDown UIInterfaceOrientationLandscapeLeft UIInterfaceOrientationLandscapeRight";
				INFOPLIST_KEY_UISupportedInterfaceOrientations_iPhone = "UIInterfaceOrientationPortrait UIInterfaceOrientationLandscapeLeft UIInterfaceOrientationLandscapeRight";
				LD_RUNPATH_SEARCH_PATHS = (
					"$(inherited)",
					"@executable_path/Frameworks",
				);
				MARKETING_VERSION = 1.0;
				PRODUCT_BUNDLE_IDENTIFIER = com.melon.PlaygroundSpace;
				PRODUCT_NAME = "$(TARGET_NAME)";
				SUPPORTED_PLATFORMS = "iphoneos iphonesimulator";
				SUPPORTS_MACCATALYST = NO;
				SUPPORTS_MAC_DESIGNED_FOR_IPHONE_IPAD = NO;
				SUPPORTS_XR_DESIGNED_FOR_IPHONE_IPAD = NO;
				SWIFT_EMIT_LOC_STRINGS = YES;
				SWIFT_VERSION = 5.0;
				TARGETED_DEVICE_FAMILY = 1;
			};
			name = Debug;
		};
		DF8B09D32C4F8B82000B768A /* Release */ = {
			isa = XCBuildConfiguration;
			buildSettings = {
				ASSETCATALOG_COMPILER_APPICON_NAME = AppIcon;
				ASSETCATALOG_COMPILER_GLOBAL_ACCENT_COLOR_NAME = AccentColor;
				CODE_SIGN_ENTITLEMENTS = PlaygroundSpace/PlaygroundSpace.entitlements;
				CODE_SIGN_STYLE = Automatic;
				CURRENT_PROJECT_VERSION = 1;
				DEVELOPMENT_ASSET_PATHS = "\"PlaygroundSpace/Preview Content\"";
				DEVELOPMENT_TEAM = QQ67S8HZ4F;
				ENABLE_PREVIEWS = YES;
				GENERATE_INFOPLIST_FILE = YES;
				INFOPLIST_FILE = PlaygroundSpace/Info.plist;
				INFOPLIST_KEY_UIApplicationSceneManifest_Generation = YES;
				INFOPLIST_KEY_UIApplicationSupportsIndirectInputEvents = YES;
				INFOPLIST_KEY_UILaunchScreen_Generation = YES;
				INFOPLIST_KEY_UISupportedInterfaceOrientations_iPad = "UIInterfaceOrientationPortrait UIInterfaceOrientationPortraitUpsideDown UIInterfaceOrientationLandscapeLeft UIInterfaceOrientationLandscapeRight";
				INFOPLIST_KEY_UISupportedInterfaceOrientations_iPhone = "UIInterfaceOrientationPortrait UIInterfaceOrientationLandscapeLeft UIInterfaceOrientationLandscapeRight";
				LD_RUNPATH_SEARCH_PATHS = (
					"$(inherited)",
					"@executable_path/Frameworks",
				);
				MARKETING_VERSION = 1.0;
				PRODUCT_BUNDLE_IDENTIFIER = com.melon.PlaygroundSpace;
				PRODUCT_NAME = "$(TARGET_NAME)";
				SUPPORTED_PLATFORMS = "iphoneos iphonesimulator";
				SUPPORTS_MACCATALYST = NO;
				SUPPORTS_MAC_DESIGNED_FOR_IPHONE_IPAD = NO;
				SUPPORTS_XR_DESIGNED_FOR_IPHONE_IPAD = NO;
				SWIFT_EMIT_LOC_STRINGS = YES;
				SWIFT_VERSION = 5.0;
				TARGETED_DEVICE_FAMILY = 1;
			};
			name = Release;
		};
		DF8B09D52C4F8B82000B768A /* Debug */ = {
			isa = XCBuildConfiguration;
			buildSettings = {
				ALWAYS_EMBED_SWIFT_STANDARD_LIBRARIES = YES;
				BUNDLE_LOADER = "$(TEST_HOST)";
				CODE_SIGN_STYLE = Automatic;
				CURRENT_PROJECT_VERSION = 1;
				DEVELOPMENT_TEAM = QQ67S8HZ4F;
				GENERATE_INFOPLIST_FILE = YES;
				IPHONEOS_DEPLOYMENT_TARGET = 17.4;
				MARKETING_VERSION = 1.0;
				PRODUCT_BUNDLE_IDENTIFIER = com.melon.PlaygroundSpaceTests;
				PRODUCT_NAME = "$(TARGET_NAME)";
				SWIFT_EMIT_LOC_STRINGS = NO;
				SWIFT_VERSION = 5.0;
				TARGETED_DEVICE_FAMILY = "1,2";
				TEST_HOST = "$(BUILT_PRODUCTS_DIR)/PlaygroundSpace.app/$(BUNDLE_EXECUTABLE_FOLDER_PATH)/PlaygroundSpace";
			};
			name = Debug;
		};
		DF8B09D62C4F8B82000B768A /* Release */ = {
			isa = XCBuildConfiguration;
			buildSettings = {
				ALWAYS_EMBED_SWIFT_STANDARD_LIBRARIES = YES;
				BUNDLE_LOADER = "$(TEST_HOST)";
				CODE_SIGN_STYLE = Automatic;
				CURRENT_PROJECT_VERSION = 1;
				DEVELOPMENT_TEAM = QQ67S8HZ4F;
				GENERATE_INFOPLIST_FILE = YES;
				IPHONEOS_DEPLOYMENT_TARGET = 17.4;
				MARKETING_VERSION = 1.0;
				PRODUCT_BUNDLE_IDENTIFIER = com.melon.PlaygroundSpaceTests;
				PRODUCT_NAME = "$(TARGET_NAME)";
				SWIFT_EMIT_LOC_STRINGS = NO;
				SWIFT_VERSION = 5.0;
				TARGETED_DEVICE_FAMILY = "1,2";
				TEST_HOST = "$(BUILT_PRODUCTS_DIR)/PlaygroundSpace.app/$(BUNDLE_EXECUTABLE_FOLDER_PATH)/PlaygroundSpace";
			};
			name = Release;
		};
		DF8B09D82C4F8B82000B768A /* Debug */ = {
			isa = XCBuildConfiguration;
			buildSettings = {
				ALWAYS_EMBED_SWIFT_STANDARD_LIBRARIES = YES;
				CODE_SIGN_STYLE = Automatic;
				CURRENT_PROJECT_VERSION = 1;
				DEVELOPMENT_TEAM = QQ67S8HZ4F;
				GENERATE_INFOPLIST_FILE = YES;
				MARKETING_VERSION = 1.0;
				PRODUCT_BUNDLE_IDENTIFIER = com.melon.PlaygroundSpaceUITests;
				PRODUCT_NAME = "$(TARGET_NAME)";
				SWIFT_EMIT_LOC_STRINGS = NO;
				SWIFT_VERSION = 5.0;
				TARGETED_DEVICE_FAMILY = "1,2";
				TEST_TARGET_NAME = PlaygroundSpace;
			};
			name = Debug;
		};
		DF8B09D92C4F8B82000B768A /* Release */ = {
			isa = XCBuildConfiguration;
			buildSettings = {
				ALWAYS_EMBED_SWIFT_STANDARD_LIBRARIES = YES;
				CODE_SIGN_STYLE = Automatic;
				CURRENT_PROJECT_VERSION = 1;
				DEVELOPMENT_TEAM = QQ67S8HZ4F;
				GENERATE_INFOPLIST_FILE = YES;
				MARKETING_VERSION = 1.0;
				PRODUCT_BUNDLE_IDENTIFIER = com.melon.PlaygroundSpaceUITests;
				PRODUCT_NAME = "$(TARGET_NAME)";
				SWIFT_EMIT_LOC_STRINGS = NO;
				SWIFT_VERSION = 5.0;
				TARGETED_DEVICE_FAMILY = "1,2";
				TEST_TARGET_NAME = PlaygroundSpace;
			};
			name = Release;
		};
/* End XCBuildConfiguration section */

/* Begin XCConfigurationList section */
		DF8B09A82C4F8B7F000B768A /* Build configuration list for PBXProject "PlaygroundSpace" */ = {
			isa = XCConfigurationList;
			buildConfigurations = (
				DF8B09CF2C4F8B82000B768A /* Debug */,
				DF8B09D02C4F8B82000B768A /* Release */,
			);
			defaultConfigurationIsVisible = 0;
			defaultConfigurationName = Release;
		};
		DF8B09D12C4F8B82000B768A /* Build configuration list for PBXNativeTarget "PlaygroundSpace" */ = {
			isa = XCConfigurationList;
			buildConfigurations = (
				DF8B09D22C4F8B82000B768A /* Debug */,
				DF8B09D32C4F8B82000B768A /* Release */,
			);
			defaultConfigurationIsVisible = 0;
			defaultConfigurationName = Release;
		};
		DF8B09D42C4F8B82000B768A /* Build configuration list for PBXNativeTarget "PlaygroundSpaceTests" */ = {
			isa = XCConfigurationList;
			buildConfigurations = (
				DF8B09D52C4F8B82000B768A /* Debug */,
				DF8B09D62C4F8B82000B768A /* Release */,
			);
			defaultConfigurationIsVisible = 0;
			defaultConfigurationName = Release;
		};
		DF8B09D72C4F8B82000B768A /* Build configuration list for PBXNativeTarget "PlaygroundSpaceUITests" */ = {
			isa = XCConfigurationList;
			buildConfigurations = (
				DF8B09D82C4F8B82000B768A /* Debug */,
				DF8B09D92C4F8B82000B768A /* Release */,
			);
			defaultConfigurationIsVisible = 0;
			defaultConfigurationName = Release;
		};
/* End XCConfigurationList section */

/* Begin XCRemoteSwiftPackageReference section */
		DF9DF5BD2C4FBC6F007649DB /* XCRemoteSwiftPackageReference "swift-composable-architecture" */ = {
			isa = XCRemoteSwiftPackageReference;
			repositoryURL = "https://github.com/pointfreeco/swift-composable-architecture.git";
			requirement = {
				kind = upToNextMajorVersion;
				minimumVersion = 1.11.0;
			};
		};
		DF9DF5C32C4FE9AB007649DB /* XCRemoteSwiftPackageReference "Alamofire" */ = {
			isa = XCRemoteSwiftPackageReference;
			repositoryURL = "https://github.com/Alamofire/Alamofire.git";
			requirement = {
				kind = upToNextMajorVersion;
				minimumVersion = 5.9.1;
			};
		};
		DF9DF5CC2C4FEE4C007649DB /* XCRemoteSwiftPackageReference "TCACoordinators" */ = {
			isa = XCRemoteSwiftPackageReference;
			repositoryURL = "https://github.com/johnpatrickmorgan/TCACoordinators.git";
			requirement = {
				kind = upToNextMajorVersion;
				minimumVersion = 0.10.1;
			};
		};
		DFD83DD52C52ACD2009F8A5E /* XCRemoteSwiftPackageReference "kakao-ios-sdk" */ = {
			isa = XCRemoteSwiftPackageReference;
			repositoryURL = "https://github.com/kakao/kakao-ios-sdk";
			requirement = {
				kind = upToNextMajorVersion;
				minimumVersion = 2.22.5;
			};
		};
/* End XCRemoteSwiftPackageReference section */

/* Begin XCSwiftPackageProductDependency section */
		DF9DF5BE2C4FBC6F007649DB /* ComposableArchitecture */ = {
			isa = XCSwiftPackageProductDependency;
			package = DF9DF5BD2C4FBC6F007649DB /* XCRemoteSwiftPackageReference "swift-composable-architecture" */;
			productName = ComposableArchitecture;
		};
		DF9DF5C42C4FE9AB007649DB /* Alamofire */ = {
			isa = XCSwiftPackageProductDependency;
			package = DF9DF5C32C4FE9AB007649DB /* XCRemoteSwiftPackageReference "Alamofire" */;
			productName = Alamofire;
		};
		DF9DF5CD2C4FEE4C007649DB /* TCACoordinators */ = {
			isa = XCSwiftPackageProductDependency;
			package = DF9DF5CC2C4FEE4C007649DB /* XCRemoteSwiftPackageReference "TCACoordinators" */;
			productName = TCACoordinators;
		};
		DFD83DD62C52ACD2009F8A5E /* KakaoSDKAuth */ = {
			isa = XCSwiftPackageProductDependency;
			package = DFD83DD52C52ACD2009F8A5E /* XCRemoteSwiftPackageReference "kakao-ios-sdk" */;
			productName = KakaoSDKAuth;
		};
		DFD83DD82C52ACD2009F8A5E /* KakaoSDKCommon */ = {
			isa = XCSwiftPackageProductDependency;
			package = DFD83DD52C52ACD2009F8A5E /* XCRemoteSwiftPackageReference "kakao-ios-sdk" */;
			productName = KakaoSDKCommon;
		};
		DFD83DDA2C52ACD2009F8A5E /* KakaoSDKUser */ = {
			isa = XCSwiftPackageProductDependency;
			package = DFD83DD52C52ACD2009F8A5E /* XCRemoteSwiftPackageReference "kakao-ios-sdk" */;
			productName = KakaoSDKUser;
		};
/* End XCSwiftPackageProductDependency section */
	};
	rootObject = DF8B09A52C4F8B7F000B768A /* Project object */;
}
