// !$*UTF8*$!
{
	archiveVersion = 1;
	classes = {
	};
	objectVersion = 56;
	objects = {

/* Begin PBXBuildFile section */
		DF35463E2C66922200E98F21 /* Collection+Extension.swift in Sources */ = {isa = PBXBuildFile; fileRef = DF35463D2C66922200E98F21 /* Collection+Extension.swift */; };
		DF3AFF142C53B7C500677554 /* EnterButtonTextModifier.swift in Sources */ = {isa = PBXBuildFile; fileRef = DF3AFF132C53B7C500677554 /* EnterButtonTextModifier.swift */; };
		DF5265B62C5FD9420042D56F /* DMSRouter.swift in Sources */ = {isa = PBXBuildFile; fileRef = DF5265B52C5FD9420042D56F /* DMSRouter.swift */; };
		DF5265B82C5FDB630042D56F /* DMRoomList.swift in Sources */ = {isa = PBXBuildFile; fileRef = DF5265B72C5FDB630042D56F /* DMRoomList.swift */; };
		DF5265BA2C5FDCD10042D56F /* DMListEntity.swift in Sources */ = {isa = PBXBuildFile; fileRef = DF5265B92C5FDCD10042D56F /* DMListEntity.swift */; };
		DF5265BC2C5FDD550042D56F /* Entity.swift in Sources */ = {isa = PBXBuildFile; fileRef = DF5265BB2C5FDD550042D56F /* Entity.swift */; };
		DF5265BE2C5FE8490042D56F /* SideMenuView.swift in Sources */ = {isa = PBXBuildFile; fileRef = DF5265BD2C5FE8490042D56F /* SideMenuView.swift */; };
		DF5265C22C5FEB2C0042D56F /* WorkSpaceSideView.swift in Sources */ = {isa = PBXBuildFile; fileRef = DF5265C12C5FEB2C0042D56F /* WorkSpaceSideView.swift */; };
		DF5265C52C5FEB720042D56F /* WorkSpaceSideFeature.swift in Sources */ = {isa = PBXBuildFile; fileRef = DF5265C42C5FEB720042D56F /* WorkSpaceSideFeature.swift */; };
		DF5265C72C5FF0520042D56F /* View+Extension.swift in Sources */ = {isa = PBXBuildFile; fileRef = DF5265C62C5FF0520042D56F /* View+Extension.swift */; };
		DF5C9E692C620B7C006B89F5 /* DMListRepository.swift in Sources */ = {isa = PBXBuildFile; fileRef = DF5C9E682C620B7C006B89F5 /* DMListRepository.swift */; };
		DF5C9E6E2C620BBA006B89F5 /* DMListMapper.swift in Sources */ = {isa = PBXBuildFile; fileRef = DF5C9E6D2C620BBA006B89F5 /* DMListMapper.swift */; };
		DF5C9E702C624AD1006B89F5 /* NetworkInterceptor.swift in Sources */ = {isa = PBXBuildFile; fileRef = DF5C9E6F2C624AD1006B89F5 /* NetworkInterceptor.swift */; };
		DF5C9E722C624B5A006B89F5 /* AuthRouter.swift in Sources */ = {isa = PBXBuildFile; fileRef = DF5C9E712C624B5A006B89F5 /* AuthRouter.swift */; };
		DF61CFB32C6139BE00E19F6F /* DMEmptyView.swift in Sources */ = {isa = PBXBuildFile; fileRef = DF61CFB22C6139BE00E19F6F /* DMEmptyView.swift */; };
		DF61CFB52C613B9600E19F6F /* DMMemeberView.swift in Sources */ = {isa = PBXBuildFile; fileRef = DF61CFB42C613B9600E19F6F /* DMMemeberView.swift */; };
		DF61CFBB2C613D5900E19F6F /* MemberInfoDTO.swift in Sources */ = {isa = PBXBuildFile; fileRef = DF61CFBA2C613D5900E19F6F /* MemberInfoDTO.swift */; };
		DF61CFBD2C613DA300E19F6F /* MemberInfoEntity.swift in Sources */ = {isa = PBXBuildFile; fileRef = DF61CFBC2C613DA300E19F6F /* MemberInfoEntity.swift */; };
		DF6412512C634AB100CA5E96 /* DMDTO.swift in Sources */ = {isa = PBXBuildFile; fileRef = DF6412502C634AB100CA5E96 /* DMDTO.swift */; };
		DF6412532C634B6400CA5E96 /* DMEntity.swift in Sources */ = {isa = PBXBuildFile; fileRef = DF6412522C634B6400CA5E96 /* DMEntity.swift */; };
		DF6412562C63634600CA5E96 /* AuthRepository.swift in Sources */ = {isa = PBXBuildFile; fileRef = DF6412552C63634600CA5E96 /* AuthRepository.swift */; };
		DF64125D2C63641800CA5E96 /* LoginRequestDTO.swift in Sources */ = {isa = PBXBuildFile; fileRef = DF64125C2C63641800CA5E96 /* LoginRequestDTO.swift */; };
		DF6BEDB82C63CB4C00673866 /* Notification+Extension.swift in Sources */ = {isa = PBXBuildFile; fileRef = DF6BEDB72C63CB4C00673866 /* Notification+Extension.swift */; };
		DF71BE172C674A3300546A72 /* SocketIO in Frameworks */ = {isa = PBXBuildFile; productRef = DF71BE162C674A3300546A72 /* SocketIO */; };
		DF71BE192C674A4D00546A72 /* SocketManager.swift in Sources */ = {isa = PBXBuildFile; fileRef = DF71BE182C674A4D00546A72 /* SocketManager.swift */; };
		DF71BE1B2C674AEC00546A72 /* SocketCase.swift in Sources */ = {isa = PBXBuildFile; fileRef = DF71BE1A2C674AEC00546A72 /* SocketCase.swift */; };
		DF71BE202C68D54300546A72 /* ChannelCreateView.swift in Sources */ = {isa = PBXBuildFile; fileRef = DF71BE1F2C68D54300546A72 /* ChannelCreateView.swift */; };
		DF71BE222C68D57000546A72 /* ChannelCreateFeature.swift in Sources */ = {isa = PBXBuildFile; fileRef = DF71BE212C68D57000546A72 /* ChannelCreateFeature.swift */; };
		DF71BE282C68DA4800546A72 /* ChannelCreateRepository.swift in Sources */ = {isa = PBXBuildFile; fileRef = DF71BE272C68DA4800546A72 /* ChannelCreateRepository.swift */; };
		DF7313CC2C56BE96001793AC /* SignUpMapper.swift in Sources */ = {isa = PBXBuildFile; fileRef = DF7313CB2C56BE96001793AC /* SignUpMapper.swift */; };
		DF7313CF2C56BF22001793AC /* SignUpRepository.swift in Sources */ = {isa = PBXBuildFile; fileRef = DF7313CE2C56BF22001793AC /* SignUpRepository.swift */; };
		DF784A4D2C53FD1D004EC293 /* AuthFeature.swift in Sources */ = {isa = PBXBuildFile; fileRef = DF784A4C2C53FD1D004EC293 /* AuthFeature.swift */; };
		DF784A512C54B7CE004EC293 /* SignUpFeature.swift in Sources */ = {isa = PBXBuildFile; fileRef = DF784A502C54B7CE004EC293 /* SignUpFeature.swift */; };
		DF7C62042C59D57000A541D7 /* WorkSpaceCreateView.swift in Sources */ = {isa = PBXBuildFile; fileRef = DF7C62032C59D57000A541D7 /* WorkSpaceCreateView.swift */; };
		DF7C62062C59DB4400A541D7 /* WorkSpaceCreateFeature.swift in Sources */ = {isa = PBXBuildFile; fileRef = DF7C62052C59DB4400A541D7 /* WorkSpaceCreateFeature.swift */; };
		DF844F1D2C53880A000DACFD /* ColoredSubstringModifier.swift in Sources */ = {isa = PBXBuildFile; fileRef = DF844F1C2C538809000DACFD /* ColoredSubstringModifier.swift */; };
		DF844F202C538BFA000DACFD /* SignUpView.swift in Sources */ = {isa = PBXBuildFile; fileRef = DF844F1F2C538BFA000DACFD /* SignUpView.swift */; };
		DF844F222C5399B4000DACFD /* SignUpType.swift in Sources */ = {isa = PBXBuildFile; fileRef = DF844F212C5399B4000DACFD /* SignUpType.swift */; };
		DF8543F12C55064E00DC80A8 /* String+Extension.swift in Sources */ = {isa = PBXBuildFile; fileRef = DF8543F02C55064E00DC80A8 /* String+Extension.swift */; };
		DF8543F72C550DE200DC80A8 /* NetworkManager.swift in Sources */ = {isa = PBXBuildFile; fileRef = DF8543F62C550DE200DC80A8 /* NetworkManager.swift */; };
		DF8543FC2C550FED00DC80A8 /* UserDTOModel.swift in Sources */ = {isa = PBXBuildFile; fileRef = DF8543FB2C550FED00DC80A8 /* UserDTOModel.swift */; };
		DF8544012C55105700DC80A8 /* DTO.swift in Sources */ = {isa = PBXBuildFile; fileRef = DF8544002C55105700DC80A8 /* DTO.swift */; };
		DF8544032C55110B00DC80A8 /* RequestDTO.swift in Sources */ = {isa = PBXBuildFile; fileRef = DF8544022C55110B00DC80A8 /* RequestDTO.swift */; };
		DF8544052C5511CD00DC80A8 /* TokenDTO.swift in Sources */ = {isa = PBXBuildFile; fileRef = DF8544042C5511CD00DC80A8 /* TokenDTO.swift */; };
		DF8544072C55133500DC80A8 /* RouterProtocol.swift in Sources */ = {isa = PBXBuildFile; fileRef = DF8544062C55133500DC80A8 /* RouterProtocol.swift */; };
		DF85440A2C55163F00DC80A8 /* UserRouter.swift in Sources */ = {isa = PBXBuildFile; fileRef = DF8544092C55163F00DC80A8 /* UserRouter.swift */; };
		DF85440C2C55172100DC80A8 /* HeaderType.swift in Sources */ = {isa = PBXBuildFile; fileRef = DF85440B2C55172100DC80A8 /* HeaderType.swift */; };
		DF85440E2C55184B00DC80A8 /* APIError.swift in Sources */ = {isa = PBXBuildFile; fileRef = DF85440D2C55184B00DC80A8 /* APIError.swift */; };
		DF8544102C5518BC00DC80A8 /* EncodingType.swift in Sources */ = {isa = PBXBuildFile; fileRef = DF85440F2C5518BC00DC80A8 /* EncodingType.swift */; };
		DF8544152C564B0500DC80A8 /* UserEmailRequestDTO.swift in Sources */ = {isa = PBXBuildFile; fileRef = DF8544142C564B0500DC80A8 /* UserEmailRequestDTO.swift */; };
		DF8544172C564C5100DC80A8 /* JSONManager.swift in Sources */ = {isa = PBXBuildFile; fileRef = DF8544162C564C5100DC80A8 /* JSONManager.swift */; };
		DF8544192C564C7300DC80A8 /* NetworkError.swift in Sources */ = {isa = PBXBuildFile; fileRef = DF8544182C564C7300DC80A8 /* NetworkError.swift */; };
		DF8B09B12C4F8B7F000B768A /* PlaygroundSpaceApp.swift in Sources */ = {isa = PBXBuildFile; fileRef = DF8B09B02C4F8B7F000B768A /* PlaygroundSpaceApp.swift */; };
		DF8B09B52C4F8B82000B768A /* Assets.xcassets in Resources */ = {isa = PBXBuildFile; fileRef = DF8B09B42C4F8B82000B768A /* Assets.xcassets */; };
		DF8B09B82C4F8B82000B768A /* Preview Assets.xcassets in Resources */ = {isa = PBXBuildFile; fileRef = DF8B09B72C4F8B82000B768A /* Preview Assets.xcassets */; };
		DF8B09C22C4F8B82000B768A /* PlaygroundSpaceTests.swift in Sources */ = {isa = PBXBuildFile; fileRef = DF8B09C12C4F8B82000B768A /* PlaygroundSpaceTests.swift */; };
		DF8B09CC2C4F8B82000B768A /* PlaygroundSpaceUITests.swift in Sources */ = {isa = PBXBuildFile; fileRef = DF8B09CB2C4F8B82000B768A /* PlaygroundSpaceUITests.swift */; };
		DF8B09CE2C4F8B82000B768A /* PlaygroundSpaceUITestsLaunchTests.swift in Sources */ = {isa = PBXBuildFile; fileRef = DF8B09CD2C4F8B82000B768A /* PlaygroundSpaceUITestsLaunchTests.swift */; };
		DF8F42F72C660DF10051B965 /* DateManager.swift in Sources */ = {isa = PBXBuildFile; fileRef = DF8F42F62C660DF10051B965 /* DateManager.swift */; };
		DF8F42F92C6677280051B965 /* MessageView.swift in Sources */ = {isa = PBXBuildFile; fileRef = DF8F42F82C6677280051B965 /* MessageView.swift */; };
		DF8FB2922C6471CE00D12097 /* InviteView.swift in Sources */ = {isa = PBXBuildFile; fileRef = DF8FB2912C6471CE00D12097 /* InviteView.swift */; };
		DF8FB2942C64738400D12097 /* InviteFeature.swift in Sources */ = {isa = PBXBuildFile; fileRef = DF8FB2932C64738400D12097 /* InviteFeature.swift */; };
		DF8FB2982C648CEC00D12097 /* InviteMapper.swift in Sources */ = {isa = PBXBuildFile; fileRef = DF8FB2972C648CEC00D12097 /* InviteMapper.swift */; };
		DF8FB29A2C648D8000D12097 /* EmailRequestDTO.swift in Sources */ = {isa = PBXBuildFile; fileRef = DF8FB2992C648D8000D12097 /* EmailRequestDTO.swift */; };
		DF8FB29C2C648E1600D12097 /* InviteRepository.swift in Sources */ = {isa = PBXBuildFile; fileRef = DF8FB29B2C648E1600D12097 /* InviteRepository.swift */; };
		DF8FB2A02C649E6200D12097 /* ChatFeature.swift in Sources */ = {isa = PBXBuildFile; fileRef = DF8FB29F2C649E6200D12097 /* ChatFeature.swift */; };
		DF8FB2A32C649EF600D12097 /* ChatView.swift in Sources */ = {isa = PBXBuildFile; fileRef = DF8FB2A22C649EF600D12097 /* ChatView.swift */; };
		DF8FB2A72C64A8FA00D12097 /* ChatRepository.swift in Sources */ = {isa = PBXBuildFile; fileRef = DF8FB2A62C64A8FA00D12097 /* ChatRepository.swift */; };
		DF8FB2A92C64AEB300D12097 /* DMRequestDTO.swift in Sources */ = {isa = PBXBuildFile; fileRef = DF8FB2A82C64AEB300D12097 /* DMRequestDTO.swift */; };
		DF8FB2AB2C64AF9E00D12097 /* ChatMapper.swift in Sources */ = {isa = PBXBuildFile; fileRef = DF8FB2AA2C64AF9E00D12097 /* ChatMapper.swift */; };
		DF902BFA2C576C4000334769 /* ErrorDTO.swift in Sources */ = {isa = PBXBuildFile; fileRef = DF902BF92C576C4000334769 /* ErrorDTO.swift */; };
		DF902BFD2C577FC700334769 /* CompleteView.swift in Sources */ = {isa = PBXBuildFile; fileRef = DF902BFC2C577FC700334769 /* CompleteView.swift */; };
		DF902C042C57817800334769 /* CompleteFeature.swift in Sources */ = {isa = PBXBuildFile; fileRef = DF902C032C57817800334769 /* CompleteFeature.swift */; };
		DF902C062C57839C00334769 /* UserSignUpRequestDTO.swift in Sources */ = {isa = PBXBuildFile; fileRef = DF902C052C57839C00334769 /* UserSignUpRequestDTO.swift */; };
		DF902C0F2C57C3A800334769 /* UserDefaultManager.swift in Sources */ = {isa = PBXBuildFile; fileRef = DF902C0E2C57C3A800334769 /* UserDefaultManager.swift */; };
		DF9279A42C57EEED00E2002D /* UserEntity.swift in Sources */ = {isa = PBXBuildFile; fileRef = DF9279A32C57EEED00E2002D /* UserEntity.swift */; };
		DF9279AB2C58A29400E2002D /* EmailLoginView.swift in Sources */ = {isa = PBXBuildFile; fileRef = DF9279AA2C58A29400E2002D /* EmailLoginView.swift */; };
		DF9279AD2C58A38900E2002D /* EmailLoginFeature.swift in Sources */ = {isa = PBXBuildFile; fileRef = DF9279AC2C58A38900E2002D /* EmailLoginFeature.swift */; };
		DF9279B22C58A89500E2002D /* EmailLoginRepository.swift in Sources */ = {isa = PBXBuildFile; fileRef = DF9279B12C58A89500E2002D /* EmailLoginRepository.swift */; };
		DF9279B52C58A8BA00E2002D /* EmailLoginMapper.swift in Sources */ = {isa = PBXBuildFile; fileRef = DF9279B42C58A8BA00E2002D /* EmailLoginMapper.swift */; };
		DF9279B72C58A90500E2002D /* EmailLoginRequestDTO.swift in Sources */ = {isa = PBXBuildFile; fileRef = DF9279B62C58A90500E2002D /* EmailLoginRequestDTO.swift */; };
		DF9279BD2C58DF5C00E2002D /* HomeEmptyView.swift in Sources */ = {isa = PBXBuildFile; fileRef = DF9279BC2C58DF5C00E2002D /* HomeEmptyView.swift */; };
		DF9279C02C58DF7000E2002D /* HomeEmptyFeature.swift in Sources */ = {isa = PBXBuildFile; fileRef = DF9279BF2C58DF7000E2002D /* HomeEmptyFeature.swift */; };
		DF9279C62C59040E00E2002D /* WorkspaceRouter.swift in Sources */ = {isa = PBXBuildFile; fileRef = DF9279C52C59040E00E2002D /* WorkspaceRouter.swift */; };
		DF9279C82C59066400E2002D /* CoordinatorRepository.swift in Sources */ = {isa = PBXBuildFile; fileRef = DF9279C72C59066400E2002D /* CoordinatorRepository.swift */; };
		DF9279CB2C5906AA00E2002D /* CoordinatorMapper.swift in Sources */ = {isa = PBXBuildFile; fileRef = DF9279CA2C5906AA00E2002D /* CoordinatorMapper.swift */; };
		DF9279CD2C5906E400E2002D /* WorkspaceListDTO.swift in Sources */ = {isa = PBXBuildFile; fileRef = DF9279CC2C5906E400E2002D /* WorkspaceListDTO.swift */; };
		DF9279CF2C59075100E2002D /* WorkspaceListEntity.swift in Sources */ = {isa = PBXBuildFile; fileRef = DF9279CE2C59075100E2002D /* WorkspaceListEntity.swift */; };
		DF94E7C42C50AD01005494B7 /* OnboardingFeature.swift in Sources */ = {isa = PBXBuildFile; fileRef = DF94E7C32C50AD01005494B7 /* OnboardingFeature.swift */; };
		DF95DBD72C60945300628284 /* TabCoordinatorView.swift in Sources */ = {isa = PBXBuildFile; fileRef = DF95DBD62C60945300628284 /* TabCoordinatorView.swift */; };
		DF95DBD92C60947200628284 /* TabCoordinator.swift in Sources */ = {isa = PBXBuildFile; fileRef = DF95DBD82C60947200628284 /* TabCoordinator.swift */; };
		DF95DBDE2C6095E500628284 /* DMListView.swift in Sources */ = {isa = PBXBuildFile; fileRef = DF95DBDD2C6095E500628284 /* DMListView.swift */; };
		DF95DBE02C6095F800628284 /* DMListFeature.swift in Sources */ = {isa = PBXBuildFile; fileRef = DF95DBDF2C6095F800628284 /* DMListFeature.swift */; };
		DF95DBE42C6097DF00628284 /* HomeCoordinator.swift in Sources */ = {isa = PBXBuildFile; fileRef = DF95DBE32C6097DF00628284 /* HomeCoordinator.swift */; };
		DF95DBE82C6097FE00628284 /* DMCoordinator.swift in Sources */ = {isa = PBXBuildFile; fileRef = DF95DBE72C6097FE00628284 /* DMCoordinator.swift */; };
		DF95DBEC2C6099DF00628284 /* HomeCoordinatorView.swift in Sources */ = {isa = PBXBuildFile; fileRef = DF95DBEB2C6099DF00628284 /* HomeCoordinatorView.swift */; };
		DF95DBF02C60B00D00628284 /* DMCoordinatorView.swift in Sources */ = {isa = PBXBuildFile; fileRef = DF95DBEF2C60B00D00628284 /* DMCoordinatorView.swift */; };
		DF9B6BAC2C5C8528002090B3 /* HomeInitView.swift in Sources */ = {isa = PBXBuildFile; fileRef = DF9B6BAB2C5C8528002090B3 /* HomeInitView.swift */; };
		DF9B6BAE2C5C87BB002090B3 /* HomeInitFeature.swift in Sources */ = {isa = PBXBuildFile; fileRef = DF9B6BAD2C5C87BB002090B3 /* HomeInitFeature.swift */; };
		DF9B6BB12C5CB26D002090B3 /* ImagePicker.swift in Sources */ = {isa = PBXBuildFile; fileRef = DF9B6BB02C5CB26D002090B3 /* ImagePicker.swift */; };
		DF9B6BB42C5CC71E002090B3 /* WorkSpaceCreateRepository.swift in Sources */ = {isa = PBXBuildFile; fileRef = DF9B6BB32C5CC71E002090B3 /* WorkSpaceCreateRepository.swift */; };
		DF9B6BB62C5CD405002090B3 /* WorkSpaceInfoDTO.swift in Sources */ = {isa = PBXBuildFile; fileRef = DF9B6BB52C5CD405002090B3 /* WorkSpaceInfoDTO.swift */; };
		DF9B6BB82C5CDB07002090B3 /* UIImage+Extension.swift in Sources */ = {isa = PBXBuildFile; fileRef = DF9B6BB72C5CDB07002090B3 /* UIImage+Extension.swift */; };
		DF9B6BBA2C5CF574002090B3 /* ChannelRouter.swift in Sources */ = {isa = PBXBuildFile; fileRef = DF9B6BB92C5CF574002090B3 /* ChannelRouter.swift */; };
		DF9B6BBC2C5CF6A9002090B3 /* ChannelDTO.swift in Sources */ = {isa = PBXBuildFile; fileRef = DF9B6BBB2C5CF6A9002090B3 /* ChannelDTO.swift */; };
		DF9B6BBF2C5D3B9F002090B3 /* HomeInitRepository.swift in Sources */ = {isa = PBXBuildFile; fileRef = DF9B6BBE2C5D3B9F002090B3 /* HomeInitRepository.swift */; };
		DF9B6BC12C5D3BC7002090B3 /* ChannelEntity.swift in Sources */ = {isa = PBXBuildFile; fileRef = DF9B6BC02C5D3BC7002090B3 /* ChannelEntity.swift */; };
		DF9B6BC42C5D3C38002090B3 /* HomeInitMapper.swift in Sources */ = {isa = PBXBuildFile; fileRef = DF9B6BC32C5D3C38002090B3 /* HomeInitMapper.swift */; };
		DF9B6BC92C5D4BE1002090B3 /* Kingfisher in Frameworks */ = {isa = PBXBuildFile; productRef = DF9B6BC82C5D4BE1002090B3 /* Kingfisher */; };
		DF9B6BCB2C5D4CD1002090B3 /* KingfisherRequestModifier.swift in Sources */ = {isa = PBXBuildFile; fileRef = DF9B6BCA2C5D4CD1002090B3 /* KingfisherRequestModifier.swift */; };
		DF9B6BCD2C5D4CFE002090B3 /* DownSamplingImageView.swift in Sources */ = {isa = PBXBuildFile; fileRef = DF9B6BCC2C5D4CFE002090B3 /* DownSamplingImageView.swift */; };
		DF9DF5BC2C4FBAF5007649DB /* .gitignore in Resources */ = {isa = PBXBuildFile; fileRef = DF9DF5BB2C4FBAF5007649DB /* .gitignore */; };
		DF9DF5BF2C4FBC6F007649DB /* ComposableArchitecture in Frameworks */ = {isa = PBXBuildFile; productRef = DF9DF5BE2C4FBC6F007649DB /* ComposableArchitecture */; };
		DF9DF5C52C4FE9AB007649DB /* Alamofire in Frameworks */ = {isa = PBXBuildFile; productRef = DF9DF5C42C4FE9AB007649DB /* Alamofire */; };
		DF9DF5CB2C4FED59007649DB /* SplashView.swift in Sources */ = {isa = PBXBuildFile; fileRef = DF9DF5CA2C4FED59007649DB /* SplashView.swift */; };
		DF9DF5CE2C4FEE4C007649DB /* TCACoordinators in Frameworks */ = {isa = PBXBuildFile; productRef = DF9DF5CD2C4FEE4C007649DB /* TCACoordinators */; };
		DF9DF5D12C4FF004007649DB /* PSTypography.swift in Sources */ = {isa = PBXBuildFile; fileRef = DF9DF5D02C4FF004007649DB /* PSTypography.swift */; };
		DF9DF5D42C4FF1A2007649DB /* DynamicTextModifier.swift in Sources */ = {isa = PBXBuildFile; fileRef = DF9DF5D32C4FF1A2007649DB /* DynamicTextModifier.swift */; };
		DF9DF5D62C5012A3007649DB /* InfoText.swift in Sources */ = {isa = PBXBuildFile; fileRef = DF9DF5D52C5012A3007649DB /* InfoText.swift */; };
		DF9DF5D82C501CFA007649DB /* ImageNames.swift in Sources */ = {isa = PBXBuildFile; fileRef = DF9DF5D72C501CFA007649DB /* ImageNames.swift */; };
		DF9DF5DD2C5023BA007649DB /* OnboardingView.swift in Sources */ = {isa = PBXBuildFile; fileRef = DF9DF5DC2C5023BA007649DB /* OnboardingView.swift */; };
		DFD83DD32C52A53E009F8A5E /* AuthView.swift in Sources */ = {isa = PBXBuildFile; fileRef = DFD83DD22C52A53E009F8A5E /* AuthView.swift */; };
		DFD83DD72C52ACD2009F8A5E /* KakaoSDKAuth in Frameworks */ = {isa = PBXBuildFile; productRef = DFD83DD62C52ACD2009F8A5E /* KakaoSDKAuth */; };
		DFD83DD92C52ACD2009F8A5E /* KakaoSDKCommon in Frameworks */ = {isa = PBXBuildFile; productRef = DFD83DD82C52ACD2009F8A5E /* KakaoSDKCommon */; };
		DFD83DDB2C52ACD2009F8A5E /* KakaoSDKUser in Frameworks */ = {isa = PBXBuildFile; productRef = DFD83DDA2C52ACD2009F8A5E /* KakaoSDKUser */; };
		DFD83DDF2C52ADAC009F8A5E /* APIKey.swift in Sources */ = {isa = PBXBuildFile; fileRef = DFD83DDE2C52ADAC009F8A5E /* APIKey.swift */; };
/* End PBXBuildFile section */

/* Begin PBXContainerItemProxy section */
		DF8B09BE2C4F8B82000B768A /* PBXContainerItemProxy */ = {
			isa = PBXContainerItemProxy;
			containerPortal = DF8B09A52C4F8B7F000B768A /* Project object */;
			proxyType = 1;
			remoteGlobalIDString = DF8B09AC2C4F8B7F000B768A;
			remoteInfo = PlaygroundSpace;
		};
		DF8B09C82C4F8B82000B768A /* PBXContainerItemProxy */ = {
			isa = PBXContainerItemProxy;
			containerPortal = DF8B09A52C4F8B7F000B768A /* Project object */;
			proxyType = 1;
			remoteGlobalIDString = DF8B09AC2C4F8B7F000B768A;
			remoteInfo = PlaygroundSpace;
		};
/* End PBXContainerItemProxy section */

/* Begin PBXFileReference section */
		DF35463D2C66922200E98F21 /* Collection+Extension.swift */ = {isa = PBXFileReference; lastKnownFileType = sourcecode.swift; path = "Collection+Extension.swift"; sourceTree = "<group>"; };
		DF3AFF132C53B7C500677554 /* EnterButtonTextModifier.swift */ = {isa = PBXFileReference; lastKnownFileType = sourcecode.swift; path = EnterButtonTextModifier.swift; sourceTree = "<group>"; };
		DF5265B52C5FD9420042D56F /* DMSRouter.swift */ = {isa = PBXFileReference; lastKnownFileType = sourcecode.swift; path = DMSRouter.swift; sourceTree = "<group>"; };
		DF5265B72C5FDB630042D56F /* DMRoomList.swift */ = {isa = PBXFileReference; lastKnownFileType = sourcecode.swift; path = DMRoomList.swift; sourceTree = "<group>"; };
		DF5265B92C5FDCD10042D56F /* DMListEntity.swift */ = {isa = PBXFileReference; lastKnownFileType = sourcecode.swift; path = DMListEntity.swift; sourceTree = "<group>"; };
		DF5265BB2C5FDD550042D56F /* Entity.swift */ = {isa = PBXFileReference; lastKnownFileType = sourcecode.swift; path = Entity.swift; sourceTree = "<group>"; };
		DF5265BD2C5FE8490042D56F /* SideMenuView.swift */ = {isa = PBXFileReference; lastKnownFileType = sourcecode.swift; path = SideMenuView.swift; sourceTree = "<group>"; };
		DF5265C12C5FEB2C0042D56F /* WorkSpaceSideView.swift */ = {isa = PBXFileReference; lastKnownFileType = sourcecode.swift; path = WorkSpaceSideView.swift; sourceTree = "<group>"; };
		DF5265C42C5FEB720042D56F /* WorkSpaceSideFeature.swift */ = {isa = PBXFileReference; lastKnownFileType = sourcecode.swift; path = WorkSpaceSideFeature.swift; sourceTree = "<group>"; };
		DF5265C62C5FF0520042D56F /* View+Extension.swift */ = {isa = PBXFileReference; lastKnownFileType = sourcecode.swift; path = "View+Extension.swift"; sourceTree = "<group>"; };
		DF58C2442C53CEAD00CC1D38 /* PlaygroundSpace.entitlements */ = {isa = PBXFileReference; lastKnownFileType = text.plist.entitlements; path = PlaygroundSpace.entitlements; sourceTree = "<group>"; };
		DF5C9E682C620B7C006B89F5 /* DMListRepository.swift */ = {isa = PBXFileReference; lastKnownFileType = sourcecode.swift; path = DMListRepository.swift; sourceTree = "<group>"; };
		DF5C9E6D2C620BBA006B89F5 /* DMListMapper.swift */ = {isa = PBXFileReference; lastKnownFileType = sourcecode.swift; path = DMListMapper.swift; sourceTree = "<group>"; };
		DF5C9E6F2C624AD1006B89F5 /* NetworkInterceptor.swift */ = {isa = PBXFileReference; lastKnownFileType = sourcecode.swift; path = NetworkInterceptor.swift; sourceTree = "<group>"; };
		DF5C9E712C624B5A006B89F5 /* AuthRouter.swift */ = {isa = PBXFileReference; lastKnownFileType = sourcecode.swift; path = AuthRouter.swift; sourceTree = "<group>"; };
		DF61CFB22C6139BE00E19F6F /* DMEmptyView.swift */ = {isa = PBXFileReference; lastKnownFileType = sourcecode.swift; path = DMEmptyView.swift; sourceTree = "<group>"; };
		DF61CFB42C613B9600E19F6F /* DMMemeberView.swift */ = {isa = PBXFileReference; lastKnownFileType = sourcecode.swift; path = DMMemeberView.swift; sourceTree = "<group>"; };
		DF61CFBA2C613D5900E19F6F /* MemberInfoDTO.swift */ = {isa = PBXFileReference; lastKnownFileType = sourcecode.swift; path = MemberInfoDTO.swift; sourceTree = "<group>"; };
		DF61CFBC2C613DA300E19F6F /* MemberInfoEntity.swift */ = {isa = PBXFileReference; lastKnownFileType = sourcecode.swift; path = MemberInfoEntity.swift; sourceTree = "<group>"; };
		DF6412502C634AB100CA5E96 /* DMDTO.swift */ = {isa = PBXFileReference; lastKnownFileType = sourcecode.swift; path = DMDTO.swift; sourceTree = "<group>"; };
		DF6412522C634B6400CA5E96 /* DMEntity.swift */ = {isa = PBXFileReference; lastKnownFileType = sourcecode.swift; path = DMEntity.swift; sourceTree = "<group>"; };
		DF6412552C63634600CA5E96 /* AuthRepository.swift */ = {isa = PBXFileReference; lastKnownFileType = sourcecode.swift; path = AuthRepository.swift; sourceTree = "<group>"; };
		DF64125C2C63641800CA5E96 /* LoginRequestDTO.swift */ = {isa = PBXFileReference; lastKnownFileType = sourcecode.swift; path = LoginRequestDTO.swift; sourceTree = "<group>"; };
		DF6BEDB72C63CB4C00673866 /* Notification+Extension.swift */ = {isa = PBXFileReference; lastKnownFileType = sourcecode.swift; path = "Notification+Extension.swift"; sourceTree = "<group>"; };
		DF71BE182C674A4D00546A72 /* SocketManager.swift */ = {isa = PBXFileReference; lastKnownFileType = sourcecode.swift; path = SocketManager.swift; sourceTree = "<group>"; };
		DF71BE1A2C674AEC00546A72 /* SocketCase.swift */ = {isa = PBXFileReference; lastKnownFileType = sourcecode.swift; path = SocketCase.swift; sourceTree = "<group>"; };
		DF71BE1F2C68D54300546A72 /* ChannelCreateView.swift */ = {isa = PBXFileReference; lastKnownFileType = sourcecode.swift; path = ChannelCreateView.swift; sourceTree = "<group>"; };
		DF71BE212C68D57000546A72 /* ChannelCreateFeature.swift */ = {isa = PBXFileReference; lastKnownFileType = sourcecode.swift; path = ChannelCreateFeature.swift; sourceTree = "<group>"; };
		DF71BE272C68DA4800546A72 /* ChannelCreateRepository.swift */ = {isa = PBXFileReference; lastKnownFileType = sourcecode.swift; path = ChannelCreateRepository.swift; sourceTree = "<group>"; };
		DF7313CB2C56BE96001793AC /* SignUpMapper.swift */ = {isa = PBXFileReference; lastKnownFileType = sourcecode.swift; path = SignUpMapper.swift; sourceTree = "<group>"; };
		DF7313CE2C56BF22001793AC /* SignUpRepository.swift */ = {isa = PBXFileReference; lastKnownFileType = sourcecode.swift; path = SignUpRepository.swift; sourceTree = "<group>"; };
		DF784A4C2C53FD1D004EC293 /* AuthFeature.swift */ = {isa = PBXFileReference; lastKnownFileType = sourcecode.swift; path = AuthFeature.swift; sourceTree = "<group>"; };
		DF784A502C54B7CE004EC293 /* SignUpFeature.swift */ = {isa = PBXFileReference; lastKnownFileType = sourcecode.swift; path = SignUpFeature.swift; sourceTree = "<group>"; };
		DF7C62032C59D57000A541D7 /* WorkSpaceCreateView.swift */ = {isa = PBXFileReference; lastKnownFileType = sourcecode.swift; path = WorkSpaceCreateView.swift; sourceTree = "<group>"; };
		DF7C62052C59DB4400A541D7 /* WorkSpaceCreateFeature.swift */ = {isa = PBXFileReference; lastKnownFileType = sourcecode.swift; path = WorkSpaceCreateFeature.swift; sourceTree = "<group>"; };
		DF844F1C2C538809000DACFD /* ColoredSubstringModifier.swift */ = {isa = PBXFileReference; lastKnownFileType = sourcecode.swift; path = ColoredSubstringModifier.swift; sourceTree = "<group>"; };
		DF844F1F2C538BFA000DACFD /* SignUpView.swift */ = {isa = PBXFileReference; lastKnownFileType = sourcecode.swift; path = SignUpView.swift; sourceTree = "<group>"; };
		DF844F212C5399B4000DACFD /* SignUpType.swift */ = {isa = PBXFileReference; lastKnownFileType = sourcecode.swift; path = SignUpType.swift; sourceTree = "<group>"; };
		DF8543F02C55064E00DC80A8 /* String+Extension.swift */ = {isa = PBXFileReference; lastKnownFileType = sourcecode.swift; path = "String+Extension.swift"; sourceTree = "<group>"; };
		DF8543F62C550DE200DC80A8 /* NetworkManager.swift */ = {isa = PBXFileReference; lastKnownFileType = sourcecode.swift; path = NetworkManager.swift; sourceTree = "<group>"; };
		DF8543FB2C550FED00DC80A8 /* UserDTOModel.swift */ = {isa = PBXFileReference; lastKnownFileType = sourcecode.swift; path = UserDTOModel.swift; sourceTree = "<group>"; };
		DF8544002C55105700DC80A8 /* DTO.swift */ = {isa = PBXFileReference; lastKnownFileType = sourcecode.swift; path = DTO.swift; sourceTree = "<group>"; };
		DF8544022C55110B00DC80A8 /* RequestDTO.swift */ = {isa = PBXFileReference; lastKnownFileType = sourcecode.swift; path = RequestDTO.swift; sourceTree = "<group>"; };
		DF8544042C5511CD00DC80A8 /* TokenDTO.swift */ = {isa = PBXFileReference; lastKnownFileType = sourcecode.swift; path = TokenDTO.swift; sourceTree = "<group>"; };
		DF8544062C55133500DC80A8 /* RouterProtocol.swift */ = {isa = PBXFileReference; lastKnownFileType = sourcecode.swift; path = RouterProtocol.swift; sourceTree = "<group>"; };
		DF8544092C55163F00DC80A8 /* UserRouter.swift */ = {isa = PBXFileReference; lastKnownFileType = sourcecode.swift; path = UserRouter.swift; sourceTree = "<group>"; };
		DF85440B2C55172100DC80A8 /* HeaderType.swift */ = {isa = PBXFileReference; lastKnownFileType = sourcecode.swift; path = HeaderType.swift; sourceTree = "<group>"; };
		DF85440D2C55184B00DC80A8 /* APIError.swift */ = {isa = PBXFileReference; lastKnownFileType = sourcecode.swift; path = APIError.swift; sourceTree = "<group>"; };
		DF85440F2C5518BC00DC80A8 /* EncodingType.swift */ = {isa = PBXFileReference; lastKnownFileType = sourcecode.swift; path = EncodingType.swift; sourceTree = "<group>"; };
		DF8544142C564B0500DC80A8 /* UserEmailRequestDTO.swift */ = {isa = PBXFileReference; lastKnownFileType = sourcecode.swift; path = UserEmailRequestDTO.swift; sourceTree = "<group>"; };
		DF8544162C564C5100DC80A8 /* JSONManager.swift */ = {isa = PBXFileReference; lastKnownFileType = sourcecode.swift; path = JSONManager.swift; sourceTree = "<group>"; };
		DF8544182C564C7300DC80A8 /* NetworkError.swift */ = {isa = PBXFileReference; lastKnownFileType = sourcecode.swift; path = NetworkError.swift; sourceTree = "<group>"; };
		DF8B09AD2C4F8B7F000B768A /* PlaygroundSpace.app */ = {isa = PBXFileReference; explicitFileType = wrapper.application; includeInIndex = 0; path = PlaygroundSpace.app; sourceTree = BUILT_PRODUCTS_DIR; };
		DF8B09B02C4F8B7F000B768A /* PlaygroundSpaceApp.swift */ = {isa = PBXFileReference; lastKnownFileType = sourcecode.swift; path = PlaygroundSpaceApp.swift; sourceTree = "<group>"; };
		DF8B09B42C4F8B82000B768A /* Assets.xcassets */ = {isa = PBXFileReference; lastKnownFileType = folder.assetcatalog; path = Assets.xcassets; sourceTree = "<group>"; };
		DF8B09B72C4F8B82000B768A /* Preview Assets.xcassets */ = {isa = PBXFileReference; lastKnownFileType = folder.assetcatalog; path = "Preview Assets.xcassets"; sourceTree = "<group>"; };
		DF8B09BD2C4F8B82000B768A /* PlaygroundSpaceTests.xctest */ = {isa = PBXFileReference; explicitFileType = wrapper.cfbundle; includeInIndex = 0; path = PlaygroundSpaceTests.xctest; sourceTree = BUILT_PRODUCTS_DIR; };
		DF8B09C12C4F8B82000B768A /* PlaygroundSpaceTests.swift */ = {isa = PBXFileReference; lastKnownFileType = sourcecode.swift; path = PlaygroundSpaceTests.swift; sourceTree = "<group>"; };
		DF8B09C72C4F8B82000B768A /* PlaygroundSpaceUITests.xctest */ = {isa = PBXFileReference; explicitFileType = wrapper.cfbundle; includeInIndex = 0; path = PlaygroundSpaceUITests.xctest; sourceTree = BUILT_PRODUCTS_DIR; };
		DF8B09CB2C4F8B82000B768A /* PlaygroundSpaceUITests.swift */ = {isa = PBXFileReference; lastKnownFileType = sourcecode.swift; path = PlaygroundSpaceUITests.swift; sourceTree = "<group>"; };
		DF8B09CD2C4F8B82000B768A /* PlaygroundSpaceUITestsLaunchTests.swift */ = {isa = PBXFileReference; lastKnownFileType = sourcecode.swift; path = PlaygroundSpaceUITestsLaunchTests.swift; sourceTree = "<group>"; };
		DF8F42F62C660DF10051B965 /* DateManager.swift */ = {isa = PBXFileReference; lastKnownFileType = sourcecode.swift; path = DateManager.swift; sourceTree = "<group>"; };
		DF8F42F82C6677280051B965 /* MessageView.swift */ = {isa = PBXFileReference; lastKnownFileType = sourcecode.swift; path = MessageView.swift; sourceTree = "<group>"; };
		DF8FB2912C6471CE00D12097 /* InviteView.swift */ = {isa = PBXFileReference; lastKnownFileType = sourcecode.swift; path = InviteView.swift; sourceTree = "<group>"; };
		DF8FB2932C64738400D12097 /* InviteFeature.swift */ = {isa = PBXFileReference; lastKnownFileType = sourcecode.swift; path = InviteFeature.swift; sourceTree = "<group>"; };
		DF8FB2972C648CEC00D12097 /* InviteMapper.swift */ = {isa = PBXFileReference; lastKnownFileType = sourcecode.swift; path = InviteMapper.swift; sourceTree = "<group>"; };
		DF8FB2992C648D8000D12097 /* EmailRequestDTO.swift */ = {isa = PBXFileReference; lastKnownFileType = sourcecode.swift; path = EmailRequestDTO.swift; sourceTree = "<group>"; };
		DF8FB29B2C648E1600D12097 /* InviteRepository.swift */ = {isa = PBXFileReference; lastKnownFileType = sourcecode.swift; path = InviteRepository.swift; sourceTree = "<group>"; };
		DF8FB29F2C649E6200D12097 /* ChatFeature.swift */ = {isa = PBXFileReference; lastKnownFileType = sourcecode.swift; path = ChatFeature.swift; sourceTree = "<group>"; };
		DF8FB2A22C649EF600D12097 /* ChatView.swift */ = {isa = PBXFileReference; lastKnownFileType = sourcecode.swift; path = ChatView.swift; sourceTree = "<group>"; };
		DF8FB2A62C64A8FA00D12097 /* ChatRepository.swift */ = {isa = PBXFileReference; lastKnownFileType = sourcecode.swift; path = ChatRepository.swift; sourceTree = "<group>"; };
		DF8FB2A82C64AEB300D12097 /* DMRequestDTO.swift */ = {isa = PBXFileReference; lastKnownFileType = sourcecode.swift; path = DMRequestDTO.swift; sourceTree = "<group>"; };
		DF8FB2AA2C64AF9E00D12097 /* ChatMapper.swift */ = {isa = PBXFileReference; lastKnownFileType = sourcecode.swift; path = ChatMapper.swift; sourceTree = "<group>"; };
		DF902BF92C576C4000334769 /* ErrorDTO.swift */ = {isa = PBXFileReference; lastKnownFileType = sourcecode.swift; path = ErrorDTO.swift; sourceTree = "<group>"; };
		DF902BFC2C577FC700334769 /* CompleteView.swift */ = {isa = PBXFileReference; lastKnownFileType = sourcecode.swift; path = CompleteView.swift; sourceTree = "<group>"; };
		DF902C032C57817800334769 /* CompleteFeature.swift */ = {isa = PBXFileReference; lastKnownFileType = sourcecode.swift; path = CompleteFeature.swift; sourceTree = "<group>"; };
		DF902C052C57839C00334769 /* UserSignUpRequestDTO.swift */ = {isa = PBXFileReference; lastKnownFileType = sourcecode.swift; path = UserSignUpRequestDTO.swift; sourceTree = "<group>"; };
		DF902C0E2C57C3A800334769 /* UserDefaultManager.swift */ = {isa = PBXFileReference; lastKnownFileType = sourcecode.swift; path = UserDefaultManager.swift; sourceTree = "<group>"; };
		DF9279A32C57EEED00E2002D /* UserEntity.swift */ = {isa = PBXFileReference; lastKnownFileType = sourcecode.swift; path = UserEntity.swift; sourceTree = "<group>"; };
		DF9279AA2C58A29400E2002D /* EmailLoginView.swift */ = {isa = PBXFileReference; lastKnownFileType = sourcecode.swift; path = EmailLoginView.swift; sourceTree = "<group>"; };
		DF9279AC2C58A38900E2002D /* EmailLoginFeature.swift */ = {isa = PBXFileReference; lastKnownFileType = sourcecode.swift; path = EmailLoginFeature.swift; sourceTree = "<group>"; };
		DF9279B12C58A89500E2002D /* EmailLoginRepository.swift */ = {isa = PBXFileReference; lastKnownFileType = sourcecode.swift; path = EmailLoginRepository.swift; sourceTree = "<group>"; };
		DF9279B42C58A8BA00E2002D /* EmailLoginMapper.swift */ = {isa = PBXFileReference; lastKnownFileType = sourcecode.swift; path = EmailLoginMapper.swift; sourceTree = "<group>"; };
		DF9279B62C58A90500E2002D /* EmailLoginRequestDTO.swift */ = {isa = PBXFileReference; lastKnownFileType = sourcecode.swift; path = EmailLoginRequestDTO.swift; sourceTree = "<group>"; };
		DF9279BC2C58DF5C00E2002D /* HomeEmptyView.swift */ = {isa = PBXFileReference; lastKnownFileType = sourcecode.swift; path = HomeEmptyView.swift; sourceTree = "<group>"; };
		DF9279BF2C58DF7000E2002D /* HomeEmptyFeature.swift */ = {isa = PBXFileReference; lastKnownFileType = sourcecode.swift; path = HomeEmptyFeature.swift; sourceTree = "<group>"; };
		DF9279C52C59040E00E2002D /* WorkspaceRouter.swift */ = {isa = PBXFileReference; lastKnownFileType = sourcecode.swift; path = WorkspaceRouter.swift; sourceTree = "<group>"; };
		DF9279C72C59066400E2002D /* CoordinatorRepository.swift */ = {isa = PBXFileReference; lastKnownFileType = sourcecode.swift; path = CoordinatorRepository.swift; sourceTree = "<group>"; };
		DF9279CA2C5906AA00E2002D /* CoordinatorMapper.swift */ = {isa = PBXFileReference; lastKnownFileType = sourcecode.swift; path = CoordinatorMapper.swift; sourceTree = "<group>"; };
		DF9279CC2C5906E400E2002D /* WorkspaceListDTO.swift */ = {isa = PBXFileReference; lastKnownFileType = sourcecode.swift; path = WorkspaceListDTO.swift; sourceTree = "<group>"; };
		DF9279CE2C59075100E2002D /* WorkspaceListEntity.swift */ = {isa = PBXFileReference; lastKnownFileType = sourcecode.swift; path = WorkspaceListEntity.swift; sourceTree = "<group>"; };
		DF94E7C32C50AD01005494B7 /* OnboardingFeature.swift */ = {isa = PBXFileReference; lastKnownFileType = sourcecode.swift; path = OnboardingFeature.swift; sourceTree = "<group>"; };
		DF95DBD62C60945300628284 /* TabCoordinatorView.swift */ = {isa = PBXFileReference; lastKnownFileType = sourcecode.swift; path = TabCoordinatorView.swift; sourceTree = "<group>"; };
		DF95DBD82C60947200628284 /* TabCoordinator.swift */ = {isa = PBXFileReference; lastKnownFileType = sourcecode.swift; path = TabCoordinator.swift; sourceTree = "<group>"; };
		DF95DBDD2C6095E500628284 /* DMListView.swift */ = {isa = PBXFileReference; lastKnownFileType = sourcecode.swift; path = DMListView.swift; sourceTree = "<group>"; };
		DF95DBDF2C6095F800628284 /* DMListFeature.swift */ = {isa = PBXFileReference; lastKnownFileType = sourcecode.swift; path = DMListFeature.swift; sourceTree = "<group>"; };
		DF95DBE32C6097DF00628284 /* HomeCoordinator.swift */ = {isa = PBXFileReference; lastKnownFileType = sourcecode.swift; path = HomeCoordinator.swift; sourceTree = "<group>"; };
		DF95DBE72C6097FE00628284 /* DMCoordinator.swift */ = {isa = PBXFileReference; lastKnownFileType = sourcecode.swift; path = DMCoordinator.swift; sourceTree = "<group>"; };
		DF95DBEB2C6099DF00628284 /* HomeCoordinatorView.swift */ = {isa = PBXFileReference; lastKnownFileType = sourcecode.swift; path = HomeCoordinatorView.swift; sourceTree = "<group>"; };
		DF95DBEF2C60B00D00628284 /* DMCoordinatorView.swift */ = {isa = PBXFileReference; lastKnownFileType = sourcecode.swift; path = DMCoordinatorView.swift; sourceTree = "<group>"; };
		DF9B6BAB2C5C8528002090B3 /* HomeInitView.swift */ = {isa = PBXFileReference; lastKnownFileType = sourcecode.swift; path = HomeInitView.swift; sourceTree = "<group>"; };
		DF9B6BAD2C5C87BB002090B3 /* HomeInitFeature.swift */ = {isa = PBXFileReference; lastKnownFileType = sourcecode.swift; path = HomeInitFeature.swift; sourceTree = "<group>"; };
		DF9B6BB02C5CB26D002090B3 /* ImagePicker.swift */ = {isa = PBXFileReference; lastKnownFileType = sourcecode.swift; path = ImagePicker.swift; sourceTree = "<group>"; };
		DF9B6BB32C5CC71E002090B3 /* WorkSpaceCreateRepository.swift */ = {isa = PBXFileReference; lastKnownFileType = sourcecode.swift; path = WorkSpaceCreateRepository.swift; sourceTree = "<group>"; };
		DF9B6BB52C5CD405002090B3 /* WorkSpaceInfoDTO.swift */ = {isa = PBXFileReference; lastKnownFileType = sourcecode.swift; path = WorkSpaceInfoDTO.swift; sourceTree = "<group>"; };
		DF9B6BB72C5CDB07002090B3 /* UIImage+Extension.swift */ = {isa = PBXFileReference; lastKnownFileType = sourcecode.swift; path = "UIImage+Extension.swift"; sourceTree = "<group>"; };
		DF9B6BB92C5CF574002090B3 /* ChannelRouter.swift */ = {isa = PBXFileReference; lastKnownFileType = sourcecode.swift; path = ChannelRouter.swift; sourceTree = "<group>"; };
		DF9B6BBB2C5CF6A9002090B3 /* ChannelDTO.swift */ = {isa = PBXFileReference; lastKnownFileType = sourcecode.swift; path = ChannelDTO.swift; sourceTree = "<group>"; };
		DF9B6BBE2C5D3B9F002090B3 /* HomeInitRepository.swift */ = {isa = PBXFileReference; lastKnownFileType = sourcecode.swift; path = HomeInitRepository.swift; sourceTree = "<group>"; };
		DF9B6BC02C5D3BC7002090B3 /* ChannelEntity.swift */ = {isa = PBXFileReference; lastKnownFileType = sourcecode.swift; path = ChannelEntity.swift; sourceTree = "<group>"; };
		DF9B6BC32C5D3C38002090B3 /* HomeInitMapper.swift */ = {isa = PBXFileReference; lastKnownFileType = sourcecode.swift; path = HomeInitMapper.swift; sourceTree = "<group>"; };
		DF9B6BCA2C5D4CD1002090B3 /* KingfisherRequestModifier.swift */ = {isa = PBXFileReference; lastKnownFileType = sourcecode.swift; path = KingfisherRequestModifier.swift; sourceTree = "<group>"; };
		DF9B6BCC2C5D4CFE002090B3 /* DownSamplingImageView.swift */ = {isa = PBXFileReference; lastKnownFileType = sourcecode.swift; path = DownSamplingImageView.swift; sourceTree = "<group>"; };
		DF9DF5BB2C4FBAF5007649DB /* .gitignore */ = {isa = PBXFileReference; lastKnownFileType = text; path = .gitignore; sourceTree = "<group>"; };
		DF9DF5CA2C4FED59007649DB /* SplashView.swift */ = {isa = PBXFileReference; lastKnownFileType = sourcecode.swift; path = SplashView.swift; sourceTree = "<group>"; };
		DF9DF5D02C4FF004007649DB /* PSTypography.swift */ = {isa = PBXFileReference; lastKnownFileType = sourcecode.swift; path = PSTypography.swift; sourceTree = "<group>"; };
		DF9DF5D32C4FF1A2007649DB /* DynamicTextModifier.swift */ = {isa = PBXFileReference; lastKnownFileType = sourcecode.swift; path = DynamicTextModifier.swift; sourceTree = "<group>"; };
		DF9DF5D52C5012A3007649DB /* InfoText.swift */ = {isa = PBXFileReference; lastKnownFileType = sourcecode.swift; path = InfoText.swift; sourceTree = "<group>"; };
		DF9DF5D72C501CFA007649DB /* ImageNames.swift */ = {isa = PBXFileReference; lastKnownFileType = sourcecode.swift; path = ImageNames.swift; sourceTree = "<group>"; };
		DF9DF5DC2C5023BA007649DB /* OnboardingView.swift */ = {isa = PBXFileReference; lastKnownFileType = sourcecode.swift; path = OnboardingView.swift; sourceTree = "<group>"; };
		DFD83DD22C52A53E009F8A5E /* AuthView.swift */ = {isa = PBXFileReference; lastKnownFileType = sourcecode.swift; path = AuthView.swift; sourceTree = "<group>"; };
		DFD83DDC2C52AD0E009F8A5E /* Info.plist */ = {isa = PBXFileReference; lastKnownFileType = text.plist.xml; path = Info.plist; sourceTree = "<group>"; };
		DFD83DDE2C52ADAC009F8A5E /* APIKey.swift */ = {isa = PBXFileReference; lastKnownFileType = sourcecode.swift; path = APIKey.swift; sourceTree = "<group>"; };
/* End PBXFileReference section */

/* Begin PBXFrameworksBuildPhase section */
		DF8B09AA2C4F8B7F000B768A /* Frameworks */ = {
			isa = PBXFrameworksBuildPhase;
			buildActionMask = 2147483647;
			files = (
				DF9DF5C52C4FE9AB007649DB /* Alamofire in Frameworks */,
				DF71BE172C674A3300546A72 /* SocketIO in Frameworks */,
				DF9DF5CE2C4FEE4C007649DB /* TCACoordinators in Frameworks */,
				DF9B6BC92C5D4BE1002090B3 /* Kingfisher in Frameworks */,
				DFD83DDB2C52ACD2009F8A5E /* KakaoSDKUser in Frameworks */,
				DF9DF5BF2C4FBC6F007649DB /* ComposableArchitecture in Frameworks */,
				DFD83DD92C52ACD2009F8A5E /* KakaoSDKCommon in Frameworks */,
				DFD83DD72C52ACD2009F8A5E /* KakaoSDKAuth in Frameworks */,
			);
			runOnlyForDeploymentPostprocessing = 0;
		};
		DF8B09BA2C4F8B82000B768A /* Frameworks */ = {
			isa = PBXFrameworksBuildPhase;
			buildActionMask = 2147483647;
			files = (
			);
			runOnlyForDeploymentPostprocessing = 0;
		};
		DF8B09C42C4F8B82000B768A /* Frameworks */ = {
			isa = PBXFrameworksBuildPhase;
			buildActionMask = 2147483647;
			files = (
			);
			runOnlyForDeploymentPostprocessing = 0;
		};
/* End PBXFrameworksBuildPhase section */

/* Begin PBXGroup section */
		DF5265BF2C5FEA7B0042D56F /* WorkSpaceSide */ = {
			isa = PBXGroup;
			children = (
				DF5265C32C5FEB5A0042D56F /* Feature */,
				DF5265C02C5FEB1F0042D56F /* View */,
			);
			path = WorkSpaceSide;
			sourceTree = "<group>";
		};
		DF5265C02C5FEB1F0042D56F /* View */ = {
			isa = PBXGroup;
			children = (
				DF5265C12C5FEB2C0042D56F /* WorkSpaceSideView.swift */,
			);
			path = View;
			sourceTree = "<group>";
		};
		DF5265C32C5FEB5A0042D56F /* Feature */ = {
			isa = PBXGroup;
			children = (
				DF5265C42C5FEB720042D56F /* WorkSpaceSideFeature.swift */,
			);
			path = Feature;
			sourceTree = "<group>";
		};
		DF5C9E662C6206A1006B89F5 /* Network */ = {
			isa = PBXGroup;
			children = (
				DF8543F82C550F8A00DC80A8 /* Model */,
				DF8544082C5515B800DC80A8 /* Router */,
				DF5C9E6F2C624AD1006B89F5 /* NetworkInterceptor.swift */,
			);
			path = Network;
			sourceTree = "<group>";
		};
		DF5C9E672C620919006B89F5 /* Repository */ = {
			isa = PBXGroup;
			children = (
				DF5C9E682C620B7C006B89F5 /* DMListRepository.swift */,
			);
			path = Repository;
			sourceTree = "<group>";
		};
		DF5C9E6A2C620B91006B89F5 /* Mapper */ = {
			isa = PBXGroup;
			children = (
				DF5C9E6D2C620BBA006B89F5 /* DMListMapper.swift */,
			);
			path = Mapper;
			sourceTree = "<group>";
		};
		DF6412542C63633700CA5E96 /* Repository */ = {
			isa = PBXGroup;
			children = (
				DF6412552C63634600CA5E96 /* AuthRepository.swift */,
			);
			path = Repository;
			sourceTree = "<group>";
		};
		DF71BE1C2C68D52200546A72 /* ChannelCreate */ = {
			isa = PBXGroup;
			children = (
				DF71BE232C68DA1100546A72 /* Repository */,
				DF71BE1E2C68D53300546A72 /* Feature */,
				DF71BE1D2C68D52B00546A72 /* View */,
			);
			path = ChannelCreate;
			sourceTree = "<group>";
		};
		DF71BE1D2C68D52B00546A72 /* View */ = {
			isa = PBXGroup;
			children = (
				DF71BE1F2C68D54300546A72 /* ChannelCreateView.swift */,
			);
			path = View;
			sourceTree = "<group>";
		};
		DF71BE1E2C68D53300546A72 /* Feature */ = {
			isa = PBXGroup;
			children = (
				DF71BE212C68D57000546A72 /* ChannelCreateFeature.swift */,
			);
			path = Feature;
			sourceTree = "<group>";
		};
		DF71BE232C68DA1100546A72 /* Repository */ = {
			isa = PBXGroup;
			children = (
				DF71BE272C68DA4800546A72 /* ChannelCreateRepository.swift */,
			);
			path = Repository;
			sourceTree = "<group>";
		};
		DF7313CD2C56BF12001793AC /* Repository */ = {
			isa = PBXGroup;
			children = (
				DF7313CE2C56BF22001793AC /* SignUpRepository.swift */,
			);
			path = Repository;
			sourceTree = "<group>";
		};
		DF784A4A2C53F451004EC293 /* Coordinator */ = {
			isa = PBXGroup;
			children = (
				DF9279C92C59069A00E2002D /* Mapper */,
				DF9279C42C59036800E2002D /* Repository */,
				DF9279C32C59035800E2002D /* View */,
				DF9279C22C59034B00E2002D /* Feature */,
			);
			path = Coordinator;
			sourceTree = "<group>";
		};
		DF784A4B2C53F91C004EC293 /* Feature */ = {
			isa = PBXGroup;
			children = (
				DF784A4C2C53FD1D004EC293 /* AuthFeature.swift */,
			);
			path = Feature;
			sourceTree = "<group>";
		};
		DF784A4E2C54B7B8004EC293 /* View */ = {
			isa = PBXGroup;
			children = (
				DF844F1F2C538BFA000DACFD /* SignUpView.swift */,
			);
			path = View;
			sourceTree = "<group>";
		};
		DF784A4F2C54B7BF004EC293 /* Feature */ = {
			isa = PBXGroup;
			children = (
				DF784A502C54B7CE004EC293 /* SignUpFeature.swift */,
			);
			path = Feature;
			sourceTree = "<group>";
		};
		DF7C62002C59D52300A541D7 /* WorkSpaceCreate */ = {
			isa = PBXGroup;
			children = (
				DF9B6BB22C5CC6CA002090B3 /* Repository */,
				DF7C62022C59D54200A541D7 /* Feature */,
				DF7C62012C59D53E00A541D7 /* View */,
			);
			path = WorkSpaceCreate;
			sourceTree = "<group>";
		};
		DF7C62012C59D53E00A541D7 /* View */ = {
			isa = PBXGroup;
			children = (
				DF7C62032C59D57000A541D7 /* WorkSpaceCreateView.swift */,
			);
			path = View;
			sourceTree = "<group>";
		};
		DF7C62022C59D54200A541D7 /* Feature */ = {
			isa = PBXGroup;
			children = (
				DF7C62052C59DB4400A541D7 /* WorkSpaceCreateFeature.swift */,
			);
			path = Feature;
			sourceTree = "<group>";
		};
		DF844F1E2C538BEB000DACFD /* SignUp */ = {
			isa = PBXGroup;
			children = (
				DF7313CD2C56BF12001793AC /* Repository */,
				DF85441A2C56B85400DC80A8 /* Mapper */,
				DF784A4F2C54B7BF004EC293 /* Feature */,
				DF784A4E2C54B7B8004EC293 /* View */,
			);
			path = SignUp;
			sourceTree = "<group>";
		};
		DF8543EF2C55063E00DC80A8 /* Extension */ = {
			isa = PBXGroup;
			children = (
				DF5265C62C5FF0520042D56F /* View+Extension.swift */,
				DF8543F02C55064E00DC80A8 /* String+Extension.swift */,
				DF9B6BB72C5CDB07002090B3 /* UIImage+Extension.swift */,
				DF6BEDB72C63CB4C00673866 /* Notification+Extension.swift */,
				DF35463D2C66922200E98F21 /* Collection+Extension.swift */,
			);
			path = Extension;
			sourceTree = "<group>";
		};
		DF8543F42C550DA600DC80A8 /* Manager */ = {
			isa = PBXGroup;
			children = (
				DF8543F62C550DE200DC80A8 /* NetworkManager.swift */,
				DF8544162C564C5100DC80A8 /* JSONManager.swift */,
				DF902C0E2C57C3A800334769 /* UserDefaultManager.swift */,
				DF8F42F62C660DF10051B965 /* DateManager.swift */,
				DF71BE182C674A4D00546A72 /* SocketManager.swift */,
			);
			path = Manager;
			sourceTree = "<group>";
		};
		DF8543F82C550F8A00DC80A8 /* Model */ = {
			isa = PBXGroup;
			children = (
				DF8544132C564AEA00DC80A8 /* RequestDTO */,
				DF8543FA2C550F9900DC80A8 /* Entity */,
				DF8543F92C550F9200DC80A8 /* DTO */,
			);
			name = Model;
			path = ../..;
			sourceTree = "<group>";
		};
		DF8543F92C550F9200DC80A8 /* DTO */ = {
			isa = PBXGroup;
			children = (
				DF8543FB2C550FED00DC80A8 /* UserDTOModel.swift */,
				DF8544042C5511CD00DC80A8 /* TokenDTO.swift */,
				DF902BF92C576C4000334769 /* ErrorDTO.swift */,
				DF9279CC2C5906E400E2002D /* WorkspaceListDTO.swift */,
				DF9B6BB52C5CD405002090B3 /* WorkSpaceInfoDTO.swift */,
				DF9B6BBB2C5CF6A9002090B3 /* ChannelDTO.swift */,
				DF5265B72C5FDB630042D56F /* DMRoomList.swift */,
				DF61CFBA2C613D5900E19F6F /* MemberInfoDTO.swift */,
				DF6412502C634AB100CA5E96 /* DMDTO.swift */,
			);
			name = DTO;
			sourceTree = "<group>";
		};
		DF8543FA2C550F9900DC80A8 /* Entity */ = {
			isa = PBXGroup;
			children = (
				DF9279CE2C59075100E2002D /* WorkspaceListEntity.swift */,
				DF9279A32C57EEED00E2002D /* UserEntity.swift */,
				DF9B6BC02C5D3BC7002090B3 /* ChannelEntity.swift */,
				DF5265B92C5FDCD10042D56F /* DMListEntity.swift */,
				DF61CFBC2C613DA300E19F6F /* MemberInfoEntity.swift */,
				DF6412522C634B6400CA5E96 /* DMEntity.swift */,
				DF64125C2C63641800CA5E96 /* LoginRequestDTO.swift */,
			);
			name = Entity;
			sourceTree = "<group>";
		};
		DF8543FD2C55100000DC80A8 /* Protocol */ = {
			isa = PBXGroup;
			children = (
				DF8544002C55105700DC80A8 /* DTO.swift */,
				DF8544022C55110B00DC80A8 /* RequestDTO.swift */,
				DF8544062C55133500DC80A8 /* RouterProtocol.swift */,
				DF5265BB2C5FDD550042D56F /* Entity.swift */,
			);
			path = Protocol;
			sourceTree = "<group>";
		};
		DF8544082C5515B800DC80A8 /* Router */ = {
			isa = PBXGroup;
			children = (
				DF8544092C55163F00DC80A8 /* UserRouter.swift */,
				DF9279C52C59040E00E2002D /* WorkspaceRouter.swift */,
				DF9B6BB92C5CF574002090B3 /* ChannelRouter.swift */,
				DF5265B52C5FD9420042D56F /* DMSRouter.swift */,
				DF5C9E712C624B5A006B89F5 /* AuthRouter.swift */,
			);
			path = Router;
			sourceTree = "<group>";
		};
		DF8544132C564AEA00DC80A8 /* RequestDTO */ = {
			isa = PBXGroup;
			children = (
				DF8544142C564B0500DC80A8 /* UserEmailRequestDTO.swift */,
				DF902C052C57839C00334769 /* UserSignUpRequestDTO.swift */,
				DF9279B62C58A90500E2002D /* EmailLoginRequestDTO.swift */,
				DF8FB2992C648D8000D12097 /* EmailRequestDTO.swift */,
				DF8FB2A82C64AEB300D12097 /* DMRequestDTO.swift */,
			);
			name = RequestDTO;
			sourceTree = "<group>";
		};
		DF85441A2C56B85400DC80A8 /* Mapper */ = {
			isa = PBXGroup;
			children = (
				DF7313CB2C56BE96001793AC /* SignUpMapper.swift */,
			);
			path = Mapper;
			sourceTree = "<group>";
		};
		DF8B09A42C4F8B7F000B768A = {
			isa = PBXGroup;
			children = (
				DF9DF5BB2C4FBAF5007649DB /* .gitignore */,
				DF8B09AF2C4F8B7F000B768A /* PlaygroundSpace */,
				DF8B09C02C4F8B82000B768A /* PlaygroundSpaceTests */,
				DF8B09CA2C4F8B82000B768A /* PlaygroundSpaceUITests */,
				DF8B09AE2C4F8B7F000B768A /* Products */,
			);
			sourceTree = "<group>";
		};
		DF8B09AE2C4F8B7F000B768A /* Products */ = {
			isa = PBXGroup;
			children = (
				DF8B09AD2C4F8B7F000B768A /* PlaygroundSpace.app */,
				DF8B09BD2C4F8B82000B768A /* PlaygroundSpaceTests.xctest */,
				DF8B09C72C4F8B82000B768A /* PlaygroundSpaceUITests.xctest */,
			);
			name = Products;
			sourceTree = "<group>";
		};
		DF8B09AF2C4F8B7F000B768A /* PlaygroundSpace */ = {
			isa = PBXGroup;
			children = (
				DF908D812C5E069700B4AC3D /* Sources */,
				DF908D802C5E060300B4AC3D /* Resources */,
			);
			path = PlaygroundSpace;
			sourceTree = "<group>";
		};
		DF8B09B62C4F8B82000B768A /* Preview Content */ = {
			isa = PBXGroup;
			children = (
				DF8B09B72C4F8B82000B768A /* Preview Assets.xcassets */,
			);
			path = "Preview Content";
			sourceTree = "<group>";
		};
		DF8B09C02C4F8B82000B768A /* PlaygroundSpaceTests */ = {
			isa = PBXGroup;
			children = (
				DF8B09C12C4F8B82000B768A /* PlaygroundSpaceTests.swift */,
			);
			path = PlaygroundSpaceTests;
			sourceTree = "<group>";
		};
		DF8B09CA2C4F8B82000B768A /* PlaygroundSpaceUITests */ = {
			isa = PBXGroup;
			children = (
				DF8B09CB2C4F8B82000B768A /* PlaygroundSpaceUITests.swift */,
				DF8B09CD2C4F8B82000B768A /* PlaygroundSpaceUITestsLaunchTests.swift */,
			);
			path = PlaygroundSpaceUITests;
			sourceTree = "<group>";
		};
		DF8FB28E2C64718E00D12097 /* Invite */ = {
			isa = PBXGroup;
			children = (
				DF8FB2962C648CDE00D12097 /* Mapper */,
				DF8FB2952C648CCF00D12097 /* Repository */,
				DF8FB2902C6471C000D12097 /* Feature */,
				DF8FB28F2C6471BC00D12097 /* View */,
			);
			path = Invite;
			sourceTree = "<group>";
		};
		DF8FB28F2C6471BC00D12097 /* View */ = {
			isa = PBXGroup;
			children = (
				DF8FB2912C6471CE00D12097 /* InviteView.swift */,
			);
			path = View;
			sourceTree = "<group>";
		};
		DF8FB2902C6471C000D12097 /* Feature */ = {
			isa = PBXGroup;
			children = (
				DF8FB2932C64738400D12097 /* InviteFeature.swift */,
			);
			path = Feature;
			sourceTree = "<group>";
		};
		DF8FB2952C648CCF00D12097 /* Repository */ = {
			isa = PBXGroup;
			children = (
				DF8FB29B2C648E1600D12097 /* InviteRepository.swift */,
			);
			path = Repository;
			sourceTree = "<group>";
		};
		DF8FB2962C648CDE00D12097 /* Mapper */ = {
			isa = PBXGroup;
			children = (
				DF8FB2972C648CEC00D12097 /* InviteMapper.swift */,
			);
			path = Mapper;
			sourceTree = "<group>";
		};
		DF8FB29D2C649E4600D12097 /* Chat */ = {
			isa = PBXGroup;
			children = (
				DF8FB2AC2C64AFA300D12097 /* Mapper */,
				DF8FB2A52C64A8E800D12097 /* Repository */,
				DF8FB2A12C649EE900D12097 /* View */,
				DF8FB29E2C649E4F00D12097 /* Feature */,
			);
			path = Chat;
			sourceTree = "<group>";
		};
		DF8FB29E2C649E4F00D12097 /* Feature */ = {
			isa = PBXGroup;
			children = (
				DF8FB29F2C649E6200D12097 /* ChatFeature.swift */,
			);
			path = Feature;
			sourceTree = "<group>";
		};
		DF8FB2A12C649EE900D12097 /* View */ = {
			isa = PBXGroup;
			children = (
				DF8FB2A22C649EF600D12097 /* ChatView.swift */,
				DF8F42F82C6677280051B965 /* MessageView.swift */,
			);
			path = View;
			sourceTree = "<group>";
		};
		DF8FB2A52C64A8E800D12097 /* Repository */ = {
			isa = PBXGroup;
			children = (
				DF8FB2A62C64A8FA00D12097 /* ChatRepository.swift */,
			);
			path = Repository;
			sourceTree = "<group>";
		};
		DF8FB2AC2C64AFA300D12097 /* Mapper */ = {
			isa = PBXGroup;
			children = (
				DF8FB2AA2C64AF9E00D12097 /* ChatMapper.swift */,
			);
			path = Mapper;
			sourceTree = "<group>";
		};
		DF902BFB2C577FAC00334769 /* Complete */ = {
			isa = PBXGroup;
			children = (
				DF902C022C57816A00334769 /* Feature */,
				DF902C012C57816300334769 /* View */,
			);
			path = Complete;
			sourceTree = "<group>";
		};
		DF902C012C57816300334769 /* View */ = {
			isa = PBXGroup;
			children = (
				DF902BFC2C577FC700334769 /* CompleteView.swift */,
			);
			path = View;
			sourceTree = "<group>";
		};
		DF902C022C57816A00334769 /* Feature */ = {
			isa = PBXGroup;
			children = (
				DF902C032C57817800334769 /* CompleteFeature.swift */,
			);
			path = Feature;
			sourceTree = "<group>";
		};
		DF908D802C5E060300B4AC3D /* Resources */ = {
			isa = PBXGroup;
			children = (
				DFD83DDD2C52AD94009F8A5E /* Keys */,
				DF8543FD2C55100000DC80A8 /* Protocol */,
				DF58C2442C53CEAD00CC1D38 /* PlaygroundSpace.entitlements */,
				DFD83DDC2C52AD0E009F8A5E /* Info.plist */,
			);
			path = Resources;
			sourceTree = "<group>";
		};
		DF908D812C5E069700B4AC3D /* Sources */ = {
			isa = PBXGroup;
			children = (
				DF5C9E662C6206A1006B89F5 /* Network */,
				DF8B09B02C4F8B7F000B768A /* PlaygroundSpaceApp.swift */,
				DF8B09B42C4F8B82000B768A /* Assets.xcassets */,
				DF9DF5D22C4FF181007649DB /* Modifier */,
				DF9B6BAF2C5CB258002090B3 /* Custom */,
				DF8543EF2C55063E00DC80A8 /* Extension */,
				DF8B09B62C4F8B82000B768A /* Preview Content */,
				DF9DF5C62C4FED32007649DB /* Scene */,
				DF9DF5CF2C4FEFD4007649DB /* Enum */,
				DF8543F42C550DA600DC80A8 /* Manager */,
			);
			path = Sources;
			sourceTree = "<group>";
		};
		DF9279A52C58A25300E2002D /* EmailLogin */ = {
			isa = PBXGroup;
			children = (
				DF9279B32C58A8A100E2002D /* Mapper */,
				DF9279AE2C58A86D00E2002D /* Repository */,
				DF9279A72C58A26D00E2002D /* Feature */,
				DF9279A62C58A26800E2002D /* View */,
			);
			path = EmailLogin;
			sourceTree = "<group>";
		};
		DF9279A62C58A26800E2002D /* View */ = {
			isa = PBXGroup;
			children = (
				DF9279AA2C58A29400E2002D /* EmailLoginView.swift */,
			);
			path = View;
			sourceTree = "<group>";
		};
		DF9279A72C58A26D00E2002D /* Feature */ = {
			isa = PBXGroup;
			children = (
				DF9279AC2C58A38900E2002D /* EmailLoginFeature.swift */,
			);
			path = Feature;
			sourceTree = "<group>";
		};
		DF9279AE2C58A86D00E2002D /* Repository */ = {
			isa = PBXGroup;
			children = (
				DF9279B12C58A89500E2002D /* EmailLoginRepository.swift */,
			);
			path = Repository;
			sourceTree = "<group>";
		};
		DF9279B32C58A8A100E2002D /* Mapper */ = {
			isa = PBXGroup;
			children = (
				DF9279B42C58A8BA00E2002D /* EmailLoginMapper.swift */,
			);
			path = Mapper;
			sourceTree = "<group>";
		};
		DF9279BA2C58DF3F00E2002D /* HomeEmpty */ = {
			isa = PBXGroup;
			children = (
				DF9279BE2C58DF5F00E2002D /* Feature */,
				DF9279BB2C58DF5200E2002D /* View */,
			);
			path = HomeEmpty;
			sourceTree = "<group>";
		};
		DF9279BB2C58DF5200E2002D /* View */ = {
			isa = PBXGroup;
			children = (
				DF9279BC2C58DF5C00E2002D /* HomeEmptyView.swift */,
			);
			path = View;
			sourceTree = "<group>";
		};
		DF9279BE2C58DF5F00E2002D /* Feature */ = {
			isa = PBXGroup;
			children = (
				DF9279BF2C58DF7000E2002D /* HomeEmptyFeature.swift */,
			);
			path = Feature;
			sourceTree = "<group>";
		};
		DF9279C22C59034B00E2002D /* Feature */ = {
			isa = PBXGroup;
			children = (
				DF95DBD82C60947200628284 /* TabCoordinator.swift */,
				DF95DBE32C6097DF00628284 /* HomeCoordinator.swift */,
				DF95DBE72C6097FE00628284 /* DMCoordinator.swift */,
			);
			path = Feature;
			sourceTree = "<group>";
		};
		DF9279C32C59035800E2002D /* View */ = {
			isa = PBXGroup;
			children = (
				DF95DBD62C60945300628284 /* TabCoordinatorView.swift */,
				DF95DBEB2C6099DF00628284 /* HomeCoordinatorView.swift */,
				DF95DBEF2C60B00D00628284 /* DMCoordinatorView.swift */,
			);
			path = View;
			sourceTree = "<group>";
		};
		DF9279C42C59036800E2002D /* Repository */ = {
			isa = PBXGroup;
			children = (
				DF9279C72C59066400E2002D /* CoordinatorRepository.swift */,
			);
			path = Repository;
			sourceTree = "<group>";
		};
		DF9279C92C59069A00E2002D /* Mapper */ = {
			isa = PBXGroup;
			children = (
				DF9279CA2C5906AA00E2002D /* CoordinatorMapper.swift */,
			);
			path = Mapper;
			sourceTree = "<group>";
		};
		DF95DBDA2C6095C300628284 /* DMList */ = {
			isa = PBXGroup;
			children = (
				DF5C9E6A2C620B91006B89F5 /* Mapper */,
				DF5C9E672C620919006B89F5 /* Repository */,
				DF95DBDC2C6095CC00628284 /* Feature */,
				DF95DBDB2C6095C800628284 /* View */,
			);
			path = DMList;
			sourceTree = "<group>";
		};
		DF95DBDB2C6095C800628284 /* View */ = {
			isa = PBXGroup;
			children = (
				DF95DBDD2C6095E500628284 /* DMListView.swift */,
				DF61CFB22C6139BE00E19F6F /* DMEmptyView.swift */,
				DF61CFB42C613B9600E19F6F /* DMMemeberView.swift */,
			);
			path = View;
			sourceTree = "<group>";
		};
		DF95DBDC2C6095CC00628284 /* Feature */ = {
			isa = PBXGroup;
			children = (
				DF95DBDF2C6095F800628284 /* DMListFeature.swift */,
			);
			path = Feature;
			sourceTree = "<group>";
		};
		DF9B6BA82C5C84C3002090B3 /* HomeInit */ = {
			isa = PBXGroup;
			children = (
				DF9B6BC22C5D3C23002090B3 /* Mapper */,
				DF9B6BBD2C5D3B8A002090B3 /* Repository */,
				DF9B6BAA2C5C851A002090B3 /* Feature */,
				DF9B6BA92C5C8515002090B3 /* View */,
			);
			path = HomeInit;
			sourceTree = "<group>";
		};
		DF9B6BA92C5C8515002090B3 /* View */ = {
			isa = PBXGroup;
			children = (
				DF9B6BAB2C5C8528002090B3 /* HomeInitView.swift */,
			);
			path = View;
			sourceTree = "<group>";
		};
		DF9B6BAA2C5C851A002090B3 /* Feature */ = {
			isa = PBXGroup;
			children = (
				DF9B6BAD2C5C87BB002090B3 /* HomeInitFeature.swift */,
			);
			path = Feature;
			sourceTree = "<group>";
		};
		DF9B6BAF2C5CB258002090B3 /* Custom */ = {
			isa = PBXGroup;
			children = (
				DF9B6BB02C5CB26D002090B3 /* ImagePicker.swift */,
				DF9B6BCC2C5D4CFE002090B3 /* DownSamplingImageView.swift */,
				DF5265BD2C5FE8490042D56F /* SideMenuView.swift */,
			);
			path = Custom;
			sourceTree = "<group>";
		};
		DF9B6BB22C5CC6CA002090B3 /* Repository */ = {
			isa = PBXGroup;
			children = (
				DF9B6BB32C5CC71E002090B3 /* WorkSpaceCreateRepository.swift */,
			);
			path = Repository;
			sourceTree = "<group>";
		};
		DF9B6BBD2C5D3B8A002090B3 /* Repository */ = {
			isa = PBXGroup;
			children = (
				DF9B6BBE2C5D3B9F002090B3 /* HomeInitRepository.swift */,
			);
			path = Repository;
			sourceTree = "<group>";
		};
		DF9B6BC22C5D3C23002090B3 /* Mapper */ = {
			isa = PBXGroup;
			children = (
				DF9B6BC32C5D3C38002090B3 /* HomeInitMapper.swift */,
			);
			path = Mapper;
			sourceTree = "<group>";
		};
		DF9DF5C62C4FED32007649DB /* Scene */ = {
			isa = PBXGroup;
			children = (
				DF71BE1C2C68D52200546A72 /* ChannelCreate */,
				DF8FB29D2C649E4600D12097 /* Chat */,
				DF8FB28E2C64718E00D12097 /* Invite */,
				DF95DBDA2C6095C300628284 /* DMList */,
				DF5265BF2C5FEA7B0042D56F /* WorkSpaceSide */,
				DF9B6BA82C5C84C3002090B3 /* HomeInit */,
				DF7C62002C59D52300A541D7 /* WorkSpaceCreate */,
				DF9279BA2C58DF3F00E2002D /* HomeEmpty */,
				DF9279A52C58A25300E2002D /* EmailLogin */,
				DF902BFB2C577FAC00334769 /* Complete */,
				DF784A4A2C53F451004EC293 /* Coordinator */,
				DF844F1E2C538BEB000DACFD /* SignUp */,
				DFD83DD02C52A4EE009F8A5E /* Auth */,
				DF9DF5D92C502393007649DB /* Onboarding */,
				DF9DF5C72C4FED37007649DB /* Splash */,
			);
			path = Scene;
			sourceTree = "<group>";
		};
		DF9DF5C72C4FED37007649DB /* Splash */ = {
			isa = PBXGroup;
			children = (
				DF9DF5C82C4FED43007649DB /* View */,
			);
			path = Splash;
			sourceTree = "<group>";
		};
		DF9DF5C82C4FED43007649DB /* View */ = {
			isa = PBXGroup;
			children = (
				DF9DF5CA2C4FED59007649DB /* SplashView.swift */,
			);
			path = View;
			sourceTree = "<group>";
		};
		DF9DF5C92C4FED49007649DB /* Feature */ = {
			isa = PBXGroup;
			children = (
				DF94E7C32C50AD01005494B7 /* OnboardingFeature.swift */,
			);
			path = Feature;
			sourceTree = "<group>";
		};
		DF9DF5CF2C4FEFD4007649DB /* Enum */ = {
			isa = PBXGroup;
			children = (
				DF9DF5D02C4FF004007649DB /* PSTypography.swift */,
				DF9DF5D52C5012A3007649DB /* InfoText.swift */,
				DF9DF5D72C501CFA007649DB /* ImageNames.swift */,
				DF844F212C5399B4000DACFD /* SignUpType.swift */,
				DF85440B2C55172100DC80A8 /* HeaderType.swift */,
				DF85440D2C55184B00DC80A8 /* APIError.swift */,
				DF85440F2C5518BC00DC80A8 /* EncodingType.swift */,
				DF8544182C564C7300DC80A8 /* NetworkError.swift */,
				DF71BE1A2C674AEC00546A72 /* SocketCase.swift */,
			);
			path = Enum;
			sourceTree = "<group>";
		};
		DF9DF5D22C4FF181007649DB /* Modifier */ = {
			isa = PBXGroup;
			children = (
				DF9DF5D32C4FF1A2007649DB /* DynamicTextModifier.swift */,
				DF844F1C2C538809000DACFD /* ColoredSubstringModifier.swift */,
				DF3AFF132C53B7C500677554 /* EnterButtonTextModifier.swift */,
				DF9B6BCA2C5D4CD1002090B3 /* KingfisherRequestModifier.swift */,
			);
			path = Modifier;
			sourceTree = "<group>";
		};
		DF9DF5D92C502393007649DB /* Onboarding */ = {
			isa = PBXGroup;
			children = (
				DF9DF5C92C4FED49007649DB /* Feature */,
				DF9DF5DE2C5023C0007649DB /* View */,
			);
			path = Onboarding;
			sourceTree = "<group>";
		};
		DF9DF5DE2C5023C0007649DB /* View */ = {
			isa = PBXGroup;
			children = (
				DF9DF5DC2C5023BA007649DB /* OnboardingView.swift */,
			);
			path = View;
			sourceTree = "<group>";
		};
		DFD83DD02C52A4EE009F8A5E /* Auth */ = {
			isa = PBXGroup;
			children = (
				DF6412542C63633700CA5E96 /* Repository */,
				DF784A4B2C53F91C004EC293 /* Feature */,
				DFD83DD12C52A52C009F8A5E /* View */,
			);
			path = Auth;
			sourceTree = "<group>";
		};
		DFD83DD12C52A52C009F8A5E /* View */ = {
			isa = PBXGroup;
			children = (
				DFD83DD22C52A53E009F8A5E /* AuthView.swift */,
			);
			path = View;
			sourceTree = "<group>";
		};
		DFD83DDD2C52AD94009F8A5E /* Keys */ = {
			isa = PBXGroup;
			children = (
				DFD83DDE2C52ADAC009F8A5E /* APIKey.swift */,
			);
			path = Keys;
			sourceTree = "<group>";
		};
/* End PBXGroup section */

/* Begin PBXNativeTarget section */
		DF8B09AC2C4F8B7F000B768A /* PlaygroundSpace */ = {
			isa = PBXNativeTarget;
			buildConfigurationList = DF8B09D12C4F8B82000B768A /* Build configuration list for PBXNativeTarget "PlaygroundSpace" */;
			buildPhases = (
				DF8B09A92C4F8B7F000B768A /* Sources */,
				DF8B09AA2C4F8B7F000B768A /* Frameworks */,
				DF8B09AB2C4F8B7F000B768A /* Resources */,
			);
			buildRules = (
			);
			dependencies = (
			);
			name = PlaygroundSpace;
			packageProductDependencies = (
				DF9DF5BE2C4FBC6F007649DB /* ComposableArchitecture */,
				DF9DF5C42C4FE9AB007649DB /* Alamofire */,
				DF9DF5CD2C4FEE4C007649DB /* TCACoordinators */,
				DFD83DD62C52ACD2009F8A5E /* KakaoSDKAuth */,
				DFD83DD82C52ACD2009F8A5E /* KakaoSDKCommon */,
				DFD83DDA2C52ACD2009F8A5E /* KakaoSDKUser */,
				DF9B6BC82C5D4BE1002090B3 /* Kingfisher */,
				DF71BE162C674A3300546A72 /* SocketIO */,
			);
			productName = PlaygroundSpace;
			productReference = DF8B09AD2C4F8B7F000B768A /* PlaygroundSpace.app */;
			productType = "com.apple.product-type.application";
		};
		DF8B09BC2C4F8B82000B768A /* PlaygroundSpaceTests */ = {
			isa = PBXNativeTarget;
			buildConfigurationList = DF8B09D42C4F8B82000B768A /* Build configuration list for PBXNativeTarget "PlaygroundSpaceTests" */;
			buildPhases = (
				DF8B09B92C4F8B82000B768A /* Sources */,
				DF8B09BA2C4F8B82000B768A /* Frameworks */,
				DF8B09BB2C4F8B82000B768A /* Resources */,
			);
			buildRules = (
			);
			dependencies = (
				DF8B09BF2C4F8B82000B768A /* PBXTargetDependency */,
			);
			name = PlaygroundSpaceTests;
			productName = PlaygroundSpaceTests;
			productReference = DF8B09BD2C4F8B82000B768A /* PlaygroundSpaceTests.xctest */;
			productType = "com.apple.product-type.bundle.unit-test";
		};
		DF8B09C62C4F8B82000B768A /* PlaygroundSpaceUITests */ = {
			isa = PBXNativeTarget;
			buildConfigurationList = DF8B09D72C4F8B82000B768A /* Build configuration list for PBXNativeTarget "PlaygroundSpaceUITests" */;
			buildPhases = (
				DF8B09C32C4F8B82000B768A /* Sources */,
				DF8B09C42C4F8B82000B768A /* Frameworks */,
				DF8B09C52C4F8B82000B768A /* Resources */,
			);
			buildRules = (
			);
			dependencies = (
				DF8B09C92C4F8B82000B768A /* PBXTargetDependency */,
			);
			name = PlaygroundSpaceUITests;
			productName = PlaygroundSpaceUITests;
			productReference = DF8B09C72C4F8B82000B768A /* PlaygroundSpaceUITests.xctest */;
			productType = "com.apple.product-type.bundle.ui-testing";
		};
/* End PBXNativeTarget section */

/* Begin PBXProject section */
		DF8B09A52C4F8B7F000B768A /* Project object */ = {
			isa = PBXProject;
			attributes = {
				BuildIndependentTargetsInParallel = 1;
				LastSwiftUpdateCheck = 1530;
				LastUpgradeCheck = 1530;
				TargetAttributes = {
					DF8B09AC2C4F8B7F000B768A = {
						CreatedOnToolsVersion = 15.3;
					};
					DF8B09BC2C4F8B82000B768A = {
						CreatedOnToolsVersion = 15.3;
						TestTargetID = DF8B09AC2C4F8B7F000B768A;
					};
					DF8B09C62C4F8B82000B768A = {
						CreatedOnToolsVersion = 15.3;
						TestTargetID = DF8B09AC2C4F8B7F000B768A;
					};
				};
			};
			buildConfigurationList = DF8B09A82C4F8B7F000B768A /* Build configuration list for PBXProject "PlaygroundSpace" */;
			compatibilityVersion = "Xcode 14.0";
			developmentRegion = en;
			hasScannedForEncodings = 0;
			knownRegions = (
				en,
				Base,
			);
			mainGroup = DF8B09A42C4F8B7F000B768A;
			packageReferences = (
				DF9DF5BD2C4FBC6F007649DB /* XCRemoteSwiftPackageReference "swift-composable-architecture" */,
				DF9DF5C32C4FE9AB007649DB /* XCRemoteSwiftPackageReference "Alamofire" */,
				DF9DF5CC2C4FEE4C007649DB /* XCRemoteSwiftPackageReference "TCACoordinators" */,
				DFD83DD52C52ACD2009F8A5E /* XCRemoteSwiftPackageReference "kakao-ios-sdk" */,
				DF9B6BC72C5D4BE1002090B3 /* XCRemoteSwiftPackageReference "Kingfisher" */,
				DF71BE152C674A3300546A72 /* XCRemoteSwiftPackageReference "socket.io-client-swift" */,
			);
			productRefGroup = DF8B09AE2C4F8B7F000B768A /* Products */;
			projectDirPath = "";
			projectRoot = "";
			targets = (
				DF8B09AC2C4F8B7F000B768A /* PlaygroundSpace */,
				DF8B09BC2C4F8B82000B768A /* PlaygroundSpaceTests */,
				DF8B09C62C4F8B82000B768A /* PlaygroundSpaceUITests */,
			);
		};
/* End PBXProject section */

/* Begin PBXResourcesBuildPhase section */
		DF8B09AB2C4F8B7F000B768A /* Resources */ = {
			isa = PBXResourcesBuildPhase;
			buildActionMask = 2147483647;
			files = (
				DF8B09B82C4F8B82000B768A /* Preview Assets.xcassets in Resources */,
				DF9DF5BC2C4FBAF5007649DB /* .gitignore in Resources */,
				DF8B09B52C4F8B82000B768A /* Assets.xcassets in Resources */,
			);
			runOnlyForDeploymentPostprocessing = 0;
		};
		DF8B09BB2C4F8B82000B768A /* Resources */ = {
			isa = PBXResourcesBuildPhase;
			buildActionMask = 2147483647;
			files = (
			);
			runOnlyForDeploymentPostprocessing = 0;
		};
		DF8B09C52C4F8B82000B768A /* Resources */ = {
			isa = PBXResourcesBuildPhase;
			buildActionMask = 2147483647;
			files = (
			);
			runOnlyForDeploymentPostprocessing = 0;
		};
/* End PBXResourcesBuildPhase section */

/* Begin PBXSourcesBuildPhase section */
		DF8B09A92C4F8B7F000B768A /* Sources */ = {
			isa = PBXSourcesBuildPhase;
			buildActionMask = 2147483647;
			files = (
				DF9B6BCD2C5D4CFE002090B3 /* DownSamplingImageView.swift in Sources */,
				DF784A512C54B7CE004EC293 /* SignUpFeature.swift in Sources */,
				DF9B6BAE2C5C87BB002090B3 /* HomeInitFeature.swift in Sources */,
				DF5265BA2C5FDCD10042D56F /* DMListEntity.swift in Sources */,
				DF8FB2982C648CEC00D12097 /* InviteMapper.swift in Sources */,
				DF7313CF2C56BF22001793AC /* SignUpRepository.swift in Sources */,
				DF8544192C564C7300DC80A8 /* NetworkError.swift in Sources */,
				DF9279C02C58DF7000E2002D /* HomeEmptyFeature.swift in Sources */,
				DF9279BD2C58DF5C00E2002D /* HomeEmptyView.swift in Sources */,
				DF9279CB2C5906AA00E2002D /* CoordinatorMapper.swift in Sources */,
				DF64125D2C63641800CA5E96 /* LoginRequestDTO.swift in Sources */,
				DF95DBF02C60B00D00628284 /* DMCoordinatorView.swift in Sources */,
				DF8F42F92C6677280051B965 /* MessageView.swift in Sources */,
				DF3AFF142C53B7C500677554 /* EnterButtonTextModifier.swift in Sources */,
				DF902BFA2C576C4000334769 /* ErrorDTO.swift in Sources */,
				DF8544032C55110B00DC80A8 /* RequestDTO.swift in Sources */,
				DF5265B62C5FD9420042D56F /* DMSRouter.swift in Sources */,
				DF9B6BBF2C5D3B9F002090B3 /* HomeInitRepository.swift in Sources */,
				DF9DF5D62C5012A3007649DB /* InfoText.swift in Sources */,
				DF7C62042C59D57000A541D7 /* WorkSpaceCreateView.swift in Sources */,
				DF9279B52C58A8BA00E2002D /* EmailLoginMapper.swift in Sources */,
				DF8FB2A02C649E6200D12097 /* ChatFeature.swift in Sources */,
				DF8543F12C55064E00DC80A8 /* String+Extension.swift in Sources */,
				DF8B09B12C4F8B7F000B768A /* PlaygroundSpaceApp.swift in Sources */,
				DF9B6BBA2C5CF574002090B3 /* ChannelRouter.swift in Sources */,
				DF8FB29C2C648E1600D12097 /* InviteRepository.swift in Sources */,
				DF7C62062C59DB4400A541D7 /* WorkSpaceCreateFeature.swift in Sources */,
				DF95DBE02C6095F800628284 /* DMListFeature.swift in Sources */,
				DF9279B22C58A89500E2002D /* EmailLoginRepository.swift in Sources */,
				DF9279AD2C58A38900E2002D /* EmailLoginFeature.swift in Sources */,
				DF902C0F2C57C3A800334769 /* UserDefaultManager.swift in Sources */,
				DF9B6BC42C5D3C38002090B3 /* HomeInitMapper.swift in Sources */,
				DF8FB2A72C64A8FA00D12097 /* ChatRepository.swift in Sources */,
				DF8544172C564C5100DC80A8 /* JSONManager.swift in Sources */,
				DF5C9E702C624AD1006B89F5 /* NetworkInterceptor.swift in Sources */,
				DF71BE1B2C674AEC00546A72 /* SocketCase.swift in Sources */,
				DF9279C62C59040E00E2002D /* WorkspaceRouter.swift in Sources */,
				DF9DF5D82C501CFA007649DB /* ImageNames.swift in Sources */,
				DF71BE202C68D54300546A72 /* ChannelCreateView.swift in Sources */,
				DF5265BC2C5FDD550042D56F /* Entity.swift in Sources */,
				DF95DBD92C60947200628284 /* TabCoordinator.swift in Sources */,
				DF9B6BBC2C5CF6A9002090B3 /* ChannelDTO.swift in Sources */,
				DF61CFB32C6139BE00E19F6F /* DMEmptyView.swift in Sources */,
				DF5C9E722C624B5A006B89F5 /* AuthRouter.swift in Sources */,
				DF8544072C55133500DC80A8 /* RouterProtocol.swift in Sources */,
				DF5265C72C5FF0520042D56F /* View+Extension.swift in Sources */,
				DF9DF5D42C4FF1A2007649DB /* DynamicTextModifier.swift in Sources */,
				DF9279AB2C58A29400E2002D /* EmailLoginView.swift in Sources */,
				DF8FB2942C64738400D12097 /* InviteFeature.swift in Sources */,
				DF6412532C634B6400CA5E96 /* DMEntity.swift in Sources */,
				DF61CFBB2C613D5900E19F6F /* MemberInfoDTO.swift in Sources */,
				DF8544152C564B0500DC80A8 /* UserEmailRequestDTO.swift in Sources */,
				DF5C9E692C620B7C006B89F5 /* DMListRepository.swift in Sources */,
				DF9B6BB82C5CDB07002090B3 /* UIImage+Extension.swift in Sources */,
				DF9279CF2C59075100E2002D /* WorkspaceListEntity.swift in Sources */,
				DF7313CC2C56BE96001793AC /* SignUpMapper.swift in Sources */,
				DF8543FC2C550FED00DC80A8 /* UserDTOModel.swift in Sources */,
				DF902C042C57817800334769 /* CompleteFeature.swift in Sources */,
				DF9B6BB42C5CC71E002090B3 /* WorkSpaceCreateRepository.swift in Sources */,
				DF8FB2A92C64AEB300D12097 /* DMRequestDTO.swift in Sources */,
				DF5265B82C5FDB630042D56F /* DMRoomList.swift in Sources */,
				DF5265BE2C5FE8490042D56F /* SideMenuView.swift in Sources */,
				DF71BE222C68D57000546A72 /* ChannelCreateFeature.swift in Sources */,
				DF95DBE42C6097DF00628284 /* HomeCoordinator.swift in Sources */,
				DF8FB2A32C649EF600D12097 /* ChatView.swift in Sources */,
				DF9B6BC12C5D3BC7002090B3 /* ChannelEntity.swift in Sources */,
				DF9B6BAC2C5C8528002090B3 /* HomeInitView.swift in Sources */,
				DF94E7C42C50AD01005494B7 /* OnboardingFeature.swift in Sources */,
				DF844F222C5399B4000DACFD /* SignUpType.swift in Sources */,
				DF71BE282C68DA4800546A72 /* ChannelCreateRepository.swift in Sources */,
				DF6412562C63634600CA5E96 /* AuthRepository.swift in Sources */,
				DF8FB2922C6471CE00D12097 /* InviteView.swift in Sources */,
				DF9DF5D12C4FF004007649DB /* PSTypography.swift in Sources */,
				DF902C062C57839C00334769 /* UserSignUpRequestDTO.swift in Sources */,
				DF5265C52C5FEB720042D56F /* WorkSpaceSideFeature.swift in Sources */,
				DF85440E2C55184B00DC80A8 /* APIError.swift in Sources */,
				DF61CFB52C613B9600E19F6F /* DMMemeberView.swift in Sources */,
				DF6BEDB82C63CB4C00673866 /* Notification+Extension.swift in Sources */,
				DF95DBDE2C6095E500628284 /* DMListView.swift in Sources */,
				DF9279C82C59066400E2002D /* CoordinatorRepository.swift in Sources */,
				DF9279A42C57EEED00E2002D /* UserEntity.swift in Sources */,
				DF95DBE82C6097FE00628284 /* DMCoordinator.swift in Sources */,
				DF95DBD72C60945300628284 /* TabCoordinatorView.swift in Sources */,
				DF8544102C5518BC00DC80A8 /* EncodingType.swift in Sources */,
				DF9DF5CB2C4FED59007649DB /* SplashView.swift in Sources */,
				DF9B6BB62C5CD405002090B3 /* WorkSpaceInfoDTO.swift in Sources */,
				DF8FB29A2C648D8000D12097 /* EmailRequestDTO.swift in Sources */,
				DF8543F72C550DE200DC80A8 /* NetworkManager.swift in Sources */,
				DF8544052C5511CD00DC80A8 /* TokenDTO.swift in Sources */,
				DF95DBEC2C6099DF00628284 /* HomeCoordinatorView.swift in Sources */,
				DF85440A2C55163F00DC80A8 /* UserRouter.swift in Sources */,
				DF9B6BB12C5CB26D002090B3 /* ImagePicker.swift in Sources */,
				DF784A4D2C53FD1D004EC293 /* AuthFeature.swift in Sources */,
				DF8FB2AB2C64AF9E00D12097 /* ChatMapper.swift in Sources */,
				DF9DF5DD2C5023BA007649DB /* OnboardingView.swift in Sources */,
				DF844F202C538BFA000DACFD /* SignUpView.swift in Sources */,
				DF8F42F72C660DF10051B965 /* DateManager.swift in Sources */,
				DF902BFD2C577FC700334769 /* CompleteView.swift in Sources */,
				DFD83DD32C52A53E009F8A5E /* AuthView.swift in Sources */,
				DF9279CD2C5906E400E2002D /* WorkspaceListDTO.swift in Sources */,
				DF5C9E6E2C620BBA006B89F5 /* DMListMapper.swift in Sources */,
				DF9B6BCB2C5D4CD1002090B3 /* KingfisherRequestModifier.swift in Sources */,
				DF6412512C634AB100CA5E96 /* DMDTO.swift in Sources */,
				DF5265C22C5FEB2C0042D56F /* WorkSpaceSideView.swift in Sources */,
				DFD83DDF2C52ADAC009F8A5E /* APIKey.swift in Sources */,
				DF9279B72C58A90500E2002D /* EmailLoginRequestDTO.swift in Sources */,
				DF85440C2C55172100DC80A8 /* HeaderType.swift in Sources */,
				DF844F1D2C53880A000DACFD /* ColoredSubstringModifier.swift in Sources */,
				DF61CFBD2C613DA300E19F6F /* MemberInfoEntity.swift in Sources */,
				DF35463E2C66922200E98F21 /* Collection+Extension.swift in Sources */,
				DF71BE192C674A4D00546A72 /* SocketManager.swift in Sources */,
				DF8544012C55105700DC80A8 /* DTO.swift in Sources */,
			);
			runOnlyForDeploymentPostprocessing = 0;
		};
		DF8B09B92C4F8B82000B768A /* Sources */ = {
			isa = PBXSourcesBuildPhase;
			buildActionMask = 2147483647;
			files = (
				DF8B09C22C4F8B82000B768A /* PlaygroundSpaceTests.swift in Sources */,
			);
			runOnlyForDeploymentPostprocessing = 0;
		};
		DF8B09C32C4F8B82000B768A /* Sources */ = {
			isa = PBXSourcesBuildPhase;
			buildActionMask = 2147483647;
			files = (
				DF8B09CE2C4F8B82000B768A /* PlaygroundSpaceUITestsLaunchTests.swift in Sources */,
				DF8B09CC2C4F8B82000B768A /* PlaygroundSpaceUITests.swift in Sources */,
			);
			runOnlyForDeploymentPostprocessing = 0;
		};
/* End PBXSourcesBuildPhase section */

/* Begin PBXTargetDependency section */
		DF8B09BF2C4F8B82000B768A /* PBXTargetDependency */ = {
			isa = PBXTargetDependency;
			target = DF8B09AC2C4F8B7F000B768A /* PlaygroundSpace */;
			targetProxy = DF8B09BE2C4F8B82000B768A /* PBXContainerItemProxy */;
		};
		DF8B09C92C4F8B82000B768A /* PBXTargetDependency */ = {
			isa = PBXTargetDependency;
			target = DF8B09AC2C4F8B7F000B768A /* PlaygroundSpace */;
			targetProxy = DF8B09C82C4F8B82000B768A /* PBXContainerItemProxy */;
		};
/* End PBXTargetDependency section */

/* Begin XCBuildConfiguration section */
		DF8B09CF2C4F8B82000B768A /* Debug */ = {
			isa = XCBuildConfiguration;
			buildSettings = {
				ALWAYS_SEARCH_USER_PATHS = NO;
				ASSETCATALOG_COMPILER_GENERATE_SWIFT_ASSET_SYMBOL_EXTENSIONS = YES;
				CLANG_ANALYZER_NONNULL = YES;
				CLANG_ANALYZER_NUMBER_OBJECT_CONVERSION = YES_AGGRESSIVE;
				CLANG_CXX_LANGUAGE_STANDARD = "gnu++20";
				CLANG_ENABLE_MODULES = YES;
				CLANG_ENABLE_OBJC_ARC = YES;
				CLANG_ENABLE_OBJC_WEAK = YES;
				CLANG_WARN_BLOCK_CAPTURE_AUTORELEASING = YES;
				CLANG_WARN_BOOL_CONVERSION = YES;
				CLANG_WARN_COMMA = YES;
				CLANG_WARN_CONSTANT_CONVERSION = YES;
				CLANG_WARN_DEPRECATED_OBJC_IMPLEMENTATIONS = YES;
				CLANG_WARN_DIRECT_OBJC_ISA_USAGE = YES_ERROR;
				CLANG_WARN_DOCUMENTATION_COMMENTS = YES;
				CLANG_WARN_EMPTY_BODY = YES;
				CLANG_WARN_ENUM_CONVERSION = YES;
				CLANG_WARN_INFINITE_RECURSION = YES;
				CLANG_WARN_INT_CONVERSION = YES;
				CLANG_WARN_NON_LITERAL_NULL_CONVERSION = YES;
				CLANG_WARN_OBJC_IMPLICIT_RETAIN_SELF = YES;
				CLANG_WARN_OBJC_LITERAL_CONVERSION = YES;
				CLANG_WARN_OBJC_ROOT_CLASS = YES_ERROR;
				CLANG_WARN_QUOTED_INCLUDE_IN_FRAMEWORK_HEADER = YES;
				CLANG_WARN_RANGE_LOOP_ANALYSIS = YES;
				CLANG_WARN_STRICT_PROTOTYPES = YES;
				CLANG_WARN_SUSPICIOUS_MOVE = YES;
				CLANG_WARN_UNGUARDED_AVAILABILITY = YES_AGGRESSIVE;
				CLANG_WARN_UNREACHABLE_CODE = YES;
				CLANG_WARN__DUPLICATE_METHOD_MATCH = YES;
				COPY_PHASE_STRIP = NO;
				DEBUG_INFORMATION_FORMAT = dwarf;
				ENABLE_STRICT_OBJC_MSGSEND = YES;
				ENABLE_TESTABILITY = YES;
				ENABLE_USER_SCRIPT_SANDBOXING = YES;
				GCC_C_LANGUAGE_STANDARD = gnu17;
				GCC_DYNAMIC_NO_PIC = NO;
				GCC_NO_COMMON_BLOCKS = YES;
				GCC_OPTIMIZATION_LEVEL = 0;
				GCC_PREPROCESSOR_DEFINITIONS = (
					"DEBUG=1",
					"$(inherited)",
				);
				GCC_WARN_64_TO_32_BIT_CONVERSION = YES;
				GCC_WARN_ABOUT_RETURN_TYPE = YES_ERROR;
				GCC_WARN_UNDECLARED_SELECTOR = YES;
				GCC_WARN_UNINITIALIZED_AUTOS = YES_AGGRESSIVE;
				GCC_WARN_UNUSED_FUNCTION = YES;
				GCC_WARN_UNUSED_VARIABLE = YES;
				IPHONEOS_DEPLOYMENT_TARGET = 16.0;
				LOCALIZATION_PREFERS_STRING_CATALOGS = YES;
				MTL_ENABLE_DEBUG_INFO = INCLUDE_SOURCE;
				MTL_FAST_MATH = YES;
				ONLY_ACTIVE_ARCH = YES;
				SDKROOT = iphoneos;
				SWIFT_ACTIVE_COMPILATION_CONDITIONS = "DEBUG $(inherited)";
				SWIFT_OPTIMIZATION_LEVEL = "-Onone";
			};
			name = Debug;
		};
		DF8B09D02C4F8B82000B768A /* Release */ = {
			isa = XCBuildConfiguration;
			buildSettings = {
				ALWAYS_SEARCH_USER_PATHS = NO;
				ASSETCATALOG_COMPILER_GENERATE_SWIFT_ASSET_SYMBOL_EXTENSIONS = YES;
				CLANG_ANALYZER_NONNULL = YES;
				CLANG_ANALYZER_NUMBER_OBJECT_CONVERSION = YES_AGGRESSIVE;
				CLANG_CXX_LANGUAGE_STANDARD = "gnu++20";
				CLANG_ENABLE_MODULES = YES;
				CLANG_ENABLE_OBJC_ARC = YES;
				CLANG_ENABLE_OBJC_WEAK = YES;
				CLANG_WARN_BLOCK_CAPTURE_AUTORELEASING = YES;
				CLANG_WARN_BOOL_CONVERSION = YES;
				CLANG_WARN_COMMA = YES;
				CLANG_WARN_CONSTANT_CONVERSION = YES;
				CLANG_WARN_DEPRECATED_OBJC_IMPLEMENTATIONS = YES;
				CLANG_WARN_DIRECT_OBJC_ISA_USAGE = YES_ERROR;
				CLANG_WARN_DOCUMENTATION_COMMENTS = YES;
				CLANG_WARN_EMPTY_BODY = YES;
				CLANG_WARN_ENUM_CONVERSION = YES;
				CLANG_WARN_INFINITE_RECURSION = YES;
				CLANG_WARN_INT_CONVERSION = YES;
				CLANG_WARN_NON_LITERAL_NULL_CONVERSION = YES;
				CLANG_WARN_OBJC_IMPLICIT_RETAIN_SELF = YES;
				CLANG_WARN_OBJC_LITERAL_CONVERSION = YES;
				CLANG_WARN_OBJC_ROOT_CLASS = YES_ERROR;
				CLANG_WARN_QUOTED_INCLUDE_IN_FRAMEWORK_HEADER = YES;
				CLANG_WARN_RANGE_LOOP_ANALYSIS = YES;
				CLANG_WARN_STRICT_PROTOTYPES = YES;
				CLANG_WARN_SUSPICIOUS_MOVE = YES;
				CLANG_WARN_UNGUARDED_AVAILABILITY = YES_AGGRESSIVE;
				CLANG_WARN_UNREACHABLE_CODE = YES;
				CLANG_WARN__DUPLICATE_METHOD_MATCH = YES;
				COPY_PHASE_STRIP = NO;
				DEBUG_INFORMATION_FORMAT = "dwarf-with-dsym";
				ENABLE_NS_ASSERTIONS = NO;
				ENABLE_STRICT_OBJC_MSGSEND = YES;
				ENABLE_USER_SCRIPT_SANDBOXING = YES;
				GCC_C_LANGUAGE_STANDARD = gnu17;
				GCC_NO_COMMON_BLOCKS = YES;
				GCC_WARN_64_TO_32_BIT_CONVERSION = YES;
				GCC_WARN_ABOUT_RETURN_TYPE = YES_ERROR;
				GCC_WARN_UNDECLARED_SELECTOR = YES;
				GCC_WARN_UNINITIALIZED_AUTOS = YES_AGGRESSIVE;
				GCC_WARN_UNUSED_FUNCTION = YES;
				GCC_WARN_UNUSED_VARIABLE = YES;
				IPHONEOS_DEPLOYMENT_TARGET = 16.0;
				LOCALIZATION_PREFERS_STRING_CATALOGS = YES;
				MTL_ENABLE_DEBUG_INFO = NO;
				MTL_FAST_MATH = YES;
				SDKROOT = iphoneos;
				SWIFT_COMPILATION_MODE = wholemodule;
				VALIDATE_PRODUCT = YES;
			};
			name = Release;
		};
		DF8B09D22C4F8B82000B768A /* Debug */ = {
			isa = XCBuildConfiguration;
			buildSettings = {
				ASSETCATALOG_COMPILER_APPICON_NAME = AppIcon;
				ASSETCATALOG_COMPILER_GLOBAL_ACCENT_COLOR_NAME = AccentColor;
				CODE_SIGN_ENTITLEMENTS = PlaygroundSpace/Resources/PlaygroundSpace.entitlements;
				CODE_SIGN_STYLE = Automatic;
				CURRENT_PROJECT_VERSION = 1;
				DEVELOPMENT_ASSET_PATHS = "\"PlaygroundSpace/Sources/Preview Content\"";
				DEVELOPMENT_TEAM = QQ67S8HZ4F;
				ENABLE_PREVIEWS = YES;
				GENERATE_INFOPLIST_FILE = YES;
				INFOPLIST_FILE = PlaygroundSpace/Resources/Info.plist;
				INFOPLIST_KEY_UIApplicationSceneManifest_Generation = YES;
				INFOPLIST_KEY_UIApplicationSupportsIndirectInputEvents = YES;
				INFOPLIST_KEY_UILaunchScreen_Generation = YES;
				INFOPLIST_KEY_UISupportedInterfaceOrientations_iPad = "UIInterfaceOrientationPortrait UIInterfaceOrientationPortraitUpsideDown UIInterfaceOrientationLandscapeLeft UIInterfaceOrientationLandscapeRight";
				INFOPLIST_KEY_UISupportedInterfaceOrientations_iPhone = "UIInterfaceOrientationPortrait UIInterfaceOrientationLandscapeLeft UIInterfaceOrientationLandscapeRight";
				LD_RUNPATH_SEARCH_PATHS = (
					"$(inherited)",
					"@executable_path/Frameworks",
				);
				MARKETING_VERSION = 1.0;
				PRODUCT_BUNDLE_IDENTIFIER = com.melon.PlaygroundSpace;
				PRODUCT_NAME = "$(TARGET_NAME)";
				SUPPORTED_PLATFORMS = "iphoneos iphonesimulator";
				SUPPORTS_MACCATALYST = NO;
				SUPPORTS_MAC_DESIGNED_FOR_IPHONE_IPAD = NO;
				SUPPORTS_XR_DESIGNED_FOR_IPHONE_IPAD = NO;
				SWIFT_EMIT_LOC_STRINGS = YES;
				SWIFT_VERSION = 5.0;
				TARGETED_DEVICE_FAMILY = 1;
			};
			name = Debug;
		};
		DF8B09D32C4F8B82000B768A /* Release */ = {
			isa = XCBuildConfiguration;
			buildSettings = {
				ASSETCATALOG_COMPILER_APPICON_NAME = AppIcon;
				ASSETCATALOG_COMPILER_GLOBAL_ACCENT_COLOR_NAME = AccentColor;
				CODE_SIGN_ENTITLEMENTS = PlaygroundSpace/Resources/PlaygroundSpace.entitlements;
				CODE_SIGN_STYLE = Automatic;
				CURRENT_PROJECT_VERSION = 1;
				DEVELOPMENT_ASSET_PATHS = "\"PlaygroundSpace/Sources/Preview Content\"";
				DEVELOPMENT_TEAM = QQ67S8HZ4F;
				ENABLE_PREVIEWS = YES;
				GENERATE_INFOPLIST_FILE = YES;
				INFOPLIST_FILE = PlaygroundSpace/Resources/Info.plist;
				INFOPLIST_KEY_UIApplicationSceneManifest_Generation = YES;
				INFOPLIST_KEY_UIApplicationSupportsIndirectInputEvents = YES;
				INFOPLIST_KEY_UILaunchScreen_Generation = YES;
				INFOPLIST_KEY_UISupportedInterfaceOrientations_iPad = "UIInterfaceOrientationPortrait UIInterfaceOrientationPortraitUpsideDown UIInterfaceOrientationLandscapeLeft UIInterfaceOrientationLandscapeRight";
				INFOPLIST_KEY_UISupportedInterfaceOrientations_iPhone = "UIInterfaceOrientationPortrait UIInterfaceOrientationLandscapeLeft UIInterfaceOrientationLandscapeRight";
				LD_RUNPATH_SEARCH_PATHS = (
					"$(inherited)",
					"@executable_path/Frameworks",
				);
				MARKETING_VERSION = 1.0;
				PRODUCT_BUNDLE_IDENTIFIER = com.melon.PlaygroundSpace;
				PRODUCT_NAME = "$(TARGET_NAME)";
				SUPPORTED_PLATFORMS = "iphoneos iphonesimulator";
				SUPPORTS_MACCATALYST = NO;
				SUPPORTS_MAC_DESIGNED_FOR_IPHONE_IPAD = NO;
				SUPPORTS_XR_DESIGNED_FOR_IPHONE_IPAD = NO;
				SWIFT_EMIT_LOC_STRINGS = YES;
				SWIFT_VERSION = 5.0;
				TARGETED_DEVICE_FAMILY = 1;
			};
			name = Release;
		};
		DF8B09D52C4F8B82000B768A /* Debug */ = {
			isa = XCBuildConfiguration;
			buildSettings = {
				ALWAYS_EMBED_SWIFT_STANDARD_LIBRARIES = YES;
				BUNDLE_LOADER = "$(TEST_HOST)";
				CODE_SIGN_STYLE = Automatic;
				CURRENT_PROJECT_VERSION = 1;
				DEVELOPMENT_TEAM = QQ67S8HZ4F;
				GENERATE_INFOPLIST_FILE = YES;
				IPHONEOS_DEPLOYMENT_TARGET = 17.4;
				MARKETING_VERSION = 1.0;
				PRODUCT_BUNDLE_IDENTIFIER = com.melon.PlaygroundSpaceTests;
				PRODUCT_NAME = "$(TARGET_NAME)";
				SWIFT_EMIT_LOC_STRINGS = NO;
				SWIFT_VERSION = 5.0;
				TARGETED_DEVICE_FAMILY = "1,2";
				TEST_HOST = "$(BUILT_PRODUCTS_DIR)/PlaygroundSpace.app/$(BUNDLE_EXECUTABLE_FOLDER_PATH)/PlaygroundSpace";
			};
			name = Debug;
		};
		DF8B09D62C4F8B82000B768A /* Release */ = {
			isa = XCBuildConfiguration;
			buildSettings = {
				ALWAYS_EMBED_SWIFT_STANDARD_LIBRARIES = YES;
				BUNDLE_LOADER = "$(TEST_HOST)";
				CODE_SIGN_STYLE = Automatic;
				CURRENT_PROJECT_VERSION = 1;
				DEVELOPMENT_TEAM = QQ67S8HZ4F;
				GENERATE_INFOPLIST_FILE = YES;
				IPHONEOS_DEPLOYMENT_TARGET = 17.4;
				MARKETING_VERSION = 1.0;
				PRODUCT_BUNDLE_IDENTIFIER = com.melon.PlaygroundSpaceTests;
				PRODUCT_NAME = "$(TARGET_NAME)";
				SWIFT_EMIT_LOC_STRINGS = NO;
				SWIFT_VERSION = 5.0;
				TARGETED_DEVICE_FAMILY = "1,2";
				TEST_HOST = "$(BUILT_PRODUCTS_DIR)/PlaygroundSpace.app/$(BUNDLE_EXECUTABLE_FOLDER_PATH)/PlaygroundSpace";
			};
			name = Release;
		};
		DF8B09D82C4F8B82000B768A /* Debug */ = {
			isa = XCBuildConfiguration;
			buildSettings = {
				ALWAYS_EMBED_SWIFT_STANDARD_LIBRARIES = YES;
				CODE_SIGN_STYLE = Automatic;
				CURRENT_PROJECT_VERSION = 1;
				DEVELOPMENT_TEAM = QQ67S8HZ4F;
				GENERATE_INFOPLIST_FILE = YES;
				MARKETING_VERSION = 1.0;
				PRODUCT_BUNDLE_IDENTIFIER = com.melon.PlaygroundSpaceUITests;
				PRODUCT_NAME = "$(TARGET_NAME)";
				SWIFT_EMIT_LOC_STRINGS = NO;
				SWIFT_VERSION = 5.0;
				TARGETED_DEVICE_FAMILY = "1,2";
				TEST_TARGET_NAME = PlaygroundSpace;
			};
			name = Debug;
		};
		DF8B09D92C4F8B82000B768A /* Release */ = {
			isa = XCBuildConfiguration;
			buildSettings = {
				ALWAYS_EMBED_SWIFT_STANDARD_LIBRARIES = YES;
				CODE_SIGN_STYLE = Automatic;
				CURRENT_PROJECT_VERSION = 1;
				DEVELOPMENT_TEAM = QQ67S8HZ4F;
				GENERATE_INFOPLIST_FILE = YES;
				MARKETING_VERSION = 1.0;
				PRODUCT_BUNDLE_IDENTIFIER = com.melon.PlaygroundSpaceUITests;
				PRODUCT_NAME = "$(TARGET_NAME)";
				SWIFT_EMIT_LOC_STRINGS = NO;
				SWIFT_VERSION = 5.0;
				TARGETED_DEVICE_FAMILY = "1,2";
				TEST_TARGET_NAME = PlaygroundSpace;
			};
			name = Release;
		};
/* End XCBuildConfiguration section */

/* Begin XCConfigurationList section */
		DF8B09A82C4F8B7F000B768A /* Build configuration list for PBXProject "PlaygroundSpace" */ = {
			isa = XCConfigurationList;
			buildConfigurations = (
				DF8B09CF2C4F8B82000B768A /* Debug */,
				DF8B09D02C4F8B82000B768A /* Release */,
			);
			defaultConfigurationIsVisible = 0;
			defaultConfigurationName = Release;
		};
		DF8B09D12C4F8B82000B768A /* Build configuration list for PBXNativeTarget "PlaygroundSpace" */ = {
			isa = XCConfigurationList;
			buildConfigurations = (
				DF8B09D22C4F8B82000B768A /* Debug */,
				DF8B09D32C4F8B82000B768A /* Release */,
			);
			defaultConfigurationIsVisible = 0;
			defaultConfigurationName = Release;
		};
		DF8B09D42C4F8B82000B768A /* Build configuration list for PBXNativeTarget "PlaygroundSpaceTests" */ = {
			isa = XCConfigurationList;
			buildConfigurations = (
				DF8B09D52C4F8B82000B768A /* Debug */,
				DF8B09D62C4F8B82000B768A /* Release */,
			);
			defaultConfigurationIsVisible = 0;
			defaultConfigurationName = Release;
		};
		DF8B09D72C4F8B82000B768A /* Build configuration list for PBXNativeTarget "PlaygroundSpaceUITests" */ = {
			isa = XCConfigurationList;
			buildConfigurations = (
				DF8B09D82C4F8B82000B768A /* Debug */,
				DF8B09D92C4F8B82000B768A /* Release */,
			);
			defaultConfigurationIsVisible = 0;
			defaultConfigurationName = Release;
		};
/* End XCConfigurationList section */

/* Begin XCRemoteSwiftPackageReference section */
		DF71BE152C674A3300546A72 /* XCRemoteSwiftPackageReference "socket.io-client-swift" */ = {
			isa = XCRemoteSwiftPackageReference;
			repositoryURL = "https://github.com/socketio/socket.io-client-swift.git";
			requirement = {
				kind = exactVersion;
				version = 16.1.0;
			};
		};
		DF9B6BC72C5D4BE1002090B3 /* XCRemoteSwiftPackageReference "Kingfisher" */ = {
			isa = XCRemoteSwiftPackageReference;
			repositoryURL = "https://github.com/onevcat/Kingfisher.git";
			requirement = {
				kind = upToNextMajorVersion;
				minimumVersion = 7.12.0;
			};
		};
		DF9DF5BD2C4FBC6F007649DB /* XCRemoteSwiftPackageReference "swift-composable-architecture" */ = {
			isa = XCRemoteSwiftPackageReference;
			repositoryURL = "https://github.com/pointfreeco/swift-composable-architecture.git";
			requirement = {
				kind = upToNextMajorVersion;
				minimumVersion = 1.11.0;
			};
		};
		DF9DF5C32C4FE9AB007649DB /* XCRemoteSwiftPackageReference "Alamofire" */ = {
			isa = XCRemoteSwiftPackageReference;
			repositoryURL = "https://github.com/Alamofire/Alamofire.git";
			requirement = {
				kind = upToNextMajorVersion;
				minimumVersion = 5.9.1;
			};
		};
		DF9DF5CC2C4FEE4C007649DB /* XCRemoteSwiftPackageReference "TCACoordinators" */ = {
			isa = XCRemoteSwiftPackageReference;
			repositoryURL = "https://github.com/johnpatrickmorgan/TCACoordinators.git";
			requirement = {
				kind = upToNextMajorVersion;
				minimumVersion = 0.10.1;
			};
		};
		DFD83DD52C52ACD2009F8A5E /* XCRemoteSwiftPackageReference "kakao-ios-sdk" */ = {
			isa = XCRemoteSwiftPackageReference;
			repositoryURL = "https://github.com/kakao/kakao-ios-sdk";
			requirement = {
				kind = upToNextMajorVersion;
				minimumVersion = 2.22.5;
			};
		};
/* End XCRemoteSwiftPackageReference section */

/* Begin XCSwiftPackageProductDependency section */
		DF71BE162C674A3300546A72 /* SocketIO */ = {
			isa = XCSwiftPackageProductDependency;
			package = DF71BE152C674A3300546A72 /* XCRemoteSwiftPackageReference "socket.io-client-swift" */;
			productName = SocketIO;
		};
		DF9B6BC82C5D4BE1002090B3 /* Kingfisher */ = {
			isa = XCSwiftPackageProductDependency;
			package = DF9B6BC72C5D4BE1002090B3 /* XCRemoteSwiftPackageReference "Kingfisher" */;
			productName = Kingfisher;
		};
		DF9DF5BE2C4FBC6F007649DB /* ComposableArchitecture */ = {
			isa = XCSwiftPackageProductDependency;
			package = DF9DF5BD2C4FBC6F007649DB /* XCRemoteSwiftPackageReference "swift-composable-architecture" */;
			productName = ComposableArchitecture;
		};
		DF9DF5C42C4FE9AB007649DB /* Alamofire */ = {
			isa = XCSwiftPackageProductDependency;
			package = DF9DF5C32C4FE9AB007649DB /* XCRemoteSwiftPackageReference "Alamofire" */;
			productName = Alamofire;
		};
		DF9DF5CD2C4FEE4C007649DB /* TCACoordinators */ = {
			isa = XCSwiftPackageProductDependency;
			package = DF9DF5CC2C4FEE4C007649DB /* XCRemoteSwiftPackageReference "TCACoordinators" */;
			productName = TCACoordinators;
		};
		DFD83DD62C52ACD2009F8A5E /* KakaoSDKAuth */ = {
			isa = XCSwiftPackageProductDependency;
			package = DFD83DD52C52ACD2009F8A5E /* XCRemoteSwiftPackageReference "kakao-ios-sdk" */;
			productName = KakaoSDKAuth;
		};
		DFD83DD82C52ACD2009F8A5E /* KakaoSDKCommon */ = {
			isa = XCSwiftPackageProductDependency;
			package = DFD83DD52C52ACD2009F8A5E /* XCRemoteSwiftPackageReference "kakao-ios-sdk" */;
			productName = KakaoSDKCommon;
		};
		DFD83DDA2C52ACD2009F8A5E /* KakaoSDKUser */ = {
			isa = XCSwiftPackageProductDependency;
			package = DFD83DD52C52ACD2009F8A5E /* XCRemoteSwiftPackageReference "kakao-ios-sdk" */;
			productName = KakaoSDKUser;
		};
/* End XCSwiftPackageProductDependency section */
	};
	rootObject = DF8B09A52C4F8B7F000B768A /* Project object */;
}
